{
  "pins" : [
    {
      "identity" : "codescanner",
      "kind" : "remoteSourceControl",
      "location" : "https://github.com/twostraws/CodeScanner",
      "state" : {
        "revision" : "944a6a1ca030dbd890e647a678e718fc2115d35c",
        "version" : "2.4.1"
      }
    },
    {
      "identity" : "keychainaccess",
      "kind" : "remoteSourceControl",
      "location" : "git@github.com:kishikawakatsumi/KeychainAccess.git",
      "state" : {
        "revision" : "84e546727d66f1adc5439debad16270d0fdd04e7",
        "version" : "4.2.2"
      }
    },
    {
      "identity" : "libtesseract",
      "kind" : "remoteSourceControl",
      "location" : "https://github.com/SwiftyTesseract/libtesseract.git",
      "state" : {
        "revision" : "214a36e04d740795d7ba2f07c6108944d0136f8a",
        "version" : "0.2.0"
      }
    },
    {
      "identity" : "lottie-spm",
      "kind" : "remoteSourceControl",
      "location" : "https://github.com/airbnb/lottie-spm.git",
      "state" : {
        "revision" : "3bd43e12d6fb54654366a61f7cfaca787318b8ce",
        "version" : "4.4.1"
      }
    },
    {
      "identity" : "nfcpassportreader",
      "kind" : "remoteSourceControl",
      "location" : "git@github.com:rarimo/NFCPassportReader.git",
      "state" : {
        "revision" : "82c42a72ebb202c575fc7877fd3607e37688f3c2"
      }
    },
    {
      "identity" : "openssl",
      "kind" : "remoteSourceControl",
      "location" : "https://github.com/krzyzanowskim/OpenSSL.git",
      "state" : {
        "revision" : "0faf71a188bcfdf0245cab42886b9b240ca71c52",
        "version" : "1.1.2200"
      }
    },
    {
      "identity" : "qkmrzparser",
      "kind" : "remoteSourceControl",
      "location" : "https://github.com/Mattijah/QKMRZParser.git",
      "state" : {
        "revision" : "ef79fdfa691e6323e729e33c2f79bace10286f49",
        "version" : "2.0.0"
      }
    },
    {
      "identity" : "qkmrzscanner",
      "kind" : "remoteSourceControl",
      "location" : "https://github.com/Mattijah/QKMRZScanner",
      "state" : {
        "branch" : "master-spm",
        "revision" : "2600de3c3317ca8d96e81a4bbcf26547f3c92d1c"
      }
    },
    {
      "identity" : "qrcode",
      "kind" : "remoteSourceControl",
      "location" : "https://github.com/dagronf/qrcode.git",
      "state" : {
        "revision" : "52ef3be47e2a8553a096574b78827eebea3bf207",
        "version" : "18.4.1"
      }
    },
    {
      "identity" : "swift-qrcode-generator",
      "kind" : "remoteSourceControl",
      "location" : "https://github.com/dagronf/swift-qrcode-generator",
      "state" : {
        "revision" : "2b1980b825f08a81ccc762b0c4d17fcde9d5e953",
        "version" : "2.0.2"
      }
    },
    {
      "identity" : "swiftimagereadwrite",
      "kind" : "remoteSourceControl",
      "location" : "https://github.com/dagronf/SwiftImageReadWrite",
      "state" : {
        "revision" : "96361ba7f9dce5184d95aba8ea90d9faa4acabb2",
        "version" : "1.6.1"
      }
    },
    {
      "identity" : "swiftytesseract",
      "kind" : "remoteSourceControl",
      "location" : "https://github.com/SwiftyTesseract/SwiftyTesseract",
      "state" : {
        "revision" : "1393d15d0278673dd89f2ba21d3fb748f99e02ce",
        "version" : "4.0.1"
      }
    }
  ],
  "version" : 2
}
