// !$*UTF8*$!
{
	archiveVersion = 1;
	classes = {
	};
	objectVersion = 56;
	objects = {

/* Begin PBXBuildFile section */
		560F0C1D2BD0234300067054 /* QRCode in Frameworks */ = {isa = PBXBuildFile; productRef = 560F0C1C2BD0234300067054 /* QRCode */; };
		560F0C1F2BD027EA00067054 /* WalletReceiveView.swift in Sources */ = {isa = PBXBuildFile; fileRef = 560F0C1E2BD027EA00067054 /* WalletReceiveView.swift */; };
		560F0C212BD027FB00067054 /* WalletRouteLayout.swift in Sources */ = {isa = PBXBuildFile; fileRef = 560F0C202BD027FB00067054 /* WalletRouteLayout.swift */; };
		560F0C232BD02DFD00067054 /* WalletSendView.swift in Sources */ = {isa = PBXBuildFile; fileRef = 560F0C222BD02DFD00067054 /* WalletSendView.swift */; };
		560F0C252BD036F900067054 /* AppTextField.swift in Sources */ = {isa = PBXBuildFile; fileRef = 560F0C242BD036F900067054 /* AppTextField.swift */; };
		560F0C272BD1146C00067054 /* ScanQRView.swift in Sources */ = {isa = PBXBuildFile; fileRef = 560F0C262BD1146C00067054 /* ScanQRView.swift */; };
		560F0C2A2BD114EE00067054 /* CodeScanner in Frameworks */ = {isa = PBXBuildFile; productRef = 560F0C292BD114EE00067054 /* CodeScanner */; };
		560F0C2C2BD133A000067054 /* MainViewLayout.swift in Sources */ = {isa = PBXBuildFile; fileRef = 560F0C2B2BD133A000067054 /* MainViewLayout.swift */; };
		560F0C2F2BD135D400067054 /* MainView+ViewModel.swift in Sources */ = {isa = PBXBuildFile; fileRef = 560F0C2E2BD135D400067054 /* MainView+ViewModel.swift */; };
		560F0C322BD1576100067054 /* WalletViewModel.swift in Sources */ = {isa = PBXBuildFile; fileRef = 560F0C312BD1576100067054 /* WalletViewModel.swift */; };
		561C3C282BADA8A600FBB3B9 /* Icons.swift in Sources */ = {isa = PBXBuildFile; fileRef = 561C3C272BADA8A600FBB3B9 /* Icons.swift */; };
		561C3C2B2BADBF1000FBB3B9 /* View+Typography.swift in Sources */ = {isa = PBXBuildFile; fileRef = 561C3C2A2BADBF1000FBB3B9 /* View+Typography.swift */; };
		561C3C392BADE64B00FBB3B9 /* Fonts.swift in Sources */ = {isa = PBXBuildFile; fileRef = 561C3C382BADE64B00FBB3B9 /* Fonts.swift */; };
		561C3C3E2BADF0AA00FBB3B9 /* Inter-Regular.ttf in Resources */ = {isa = PBXBuildFile; fileRef = 561C3C3A2BADF0AA00FBB3B9 /* Inter-Regular.ttf */; };
		561C3C3F2BADF0AA00FBB3B9 /* Inter-Bold.ttf in Resources */ = {isa = PBXBuildFile; fileRef = 561C3C3B2BADF0AA00FBB3B9 /* Inter-Bold.ttf */; };
		561C3C402BADF0AA00FBB3B9 /* Inter-SemiBold.ttf in Resources */ = {isa = PBXBuildFile; fileRef = 561C3C3C2BADF0AA00FBB3B9 /* Inter-SemiBold.ttf */; };
		561C3C412BADF0AA00FBB3B9 /* Inter-Medium.ttf in Resources */ = {isa = PBXBuildFile; fileRef = 561C3C3D2BADF0AA00FBB3B9 /* Inter-Medium.ttf */; };
		561C3C432BAEE2D600FBB3B9 /* String+Error.swift in Sources */ = {isa = PBXBuildFile; fileRef = 561C3C422BAEE2D600FBB3B9 /* String+Error.swift */; };
		563529E52BB072060027C910 /* RewardsView.swift in Sources */ = {isa = PBXBuildFile; fileRef = 563529E42BB072060027C910 /* RewardsView.swift */; };
		563529E72BB072870027C910 /* WalletView.swift in Sources */ = {isa = PBXBuildFile; fileRef = 563529E62BB072870027C910 /* WalletView.swift */; };
		563529E92BB072B80027C910 /* HomeView.swift in Sources */ = {isa = PBXBuildFile; fileRef = 563529E82BB072B80027C910 /* HomeView.swift */; };
		563529EB2BB072FD0027C910 /* UINavigationController+HiddenNavBar.swift in Sources */ = {isa = PBXBuildFile; fileRef = 563529EA2BB072FD0027C910 /* UINavigationController+HiddenNavBar.swift */; };
		563529EF2BB0732C0027C910 /* CredentialsView.swift in Sources */ = {isa = PBXBuildFile; fileRef = 563529EE2BB0732C0027C910 /* CredentialsView.swift */; };
		563529F12BB0736A0027C910 /* TabBarView.swift in Sources */ = {isa = PBXBuildFile; fileRef = 563529F02BB0736A0027C910 /* TabBarView.swift */; };
		563529F62BB077AB0027C910 /* CardContainer.swift in Sources */ = {isa = PBXBuildFile; fileRef = 563529F52BB077AB0027C910 /* CardContainer.swift */; };
		56474AD62BB9860E0017AA25 /* FaceIdAuth.swift in Sources */ = {isa = PBXBuildFile; fileRef = 56474AD52BB9860E0017AA25 /* FaceIdAuth.swift */; };
		56474AD82BB986A40017AA25 /* FeedbackGenerator.swift in Sources */ = {isa = PBXBuildFile; fileRef = 56474AD72BB986A40017AA25 /* FeedbackGenerator.swift */; };
		56474ADA2BB9ED6E0017AA25 /* AnyTransition+Backslide.swift in Sources */ = {isa = PBXBuildFile; fileRef = 56474AD92BB9ED6E0017AA25 /* AnyTransition+Backslide.swift */; };
		56722F202BCD62BB00300AD0 /* ProfileView.swift in Sources */ = {isa = PBXBuildFile; fileRef = 56722F1F2BCD62BB00300AD0 /* ProfileView.swift */; };
		567AEC9B2BBD9B8100A20E83 /* Passport.swift in Sources */ = {isa = PBXBuildFile; fileRef = 567AEC9A2BBD9B8100A20E83 /* Passport.swift */; };
		568B4FCC2BB6C164001C9C74 /* IntroView.swift in Sources */ = {isa = PBXBuildFile; fileRef = 568B4FCB2BB6C164001C9C74 /* IntroView.swift */; };
		568B4FCE2BB6C274001C9C74 /* IntroStepView.swift in Sources */ = {isa = PBXBuildFile; fileRef = 568B4FCD2BB6C274001C9C74 /* IntroStepView.swift */; };
		568B4FD12BB6D88F001C9C74 /* Divider.swift in Sources */ = {isa = PBXBuildFile; fileRef = 568B4FD02BB6D88F001C9C74 /* Divider.swift */; };
		568B4FE02BB70852001C9C74 /* Localizable.xcstrings in Resources */ = {isa = PBXBuildFile; fileRef = 568B4FDF2BB70852001C9C74 /* Localizable.xcstrings */; };
		568B4FE22BB70BEA001C9C74 /* GetStartedView.swift in Sources */ = {isa = PBXBuildFile; fileRef = 568B4FE12BB70BEA001C9C74 /* GetStartedView.swift */; };
		568B4FE52BB70CAA001C9C74 /* IntroStep.swift in Sources */ = {isa = PBXBuildFile; fileRef = 568B4FE42BB70CAA001C9C74 /* IntroStep.swift */; };
		56933DED2BBAB0AB0068C894 /* PassportIntroView.swift in Sources */ = {isa = PBXBuildFile; fileRef = 56933DEC2BBAB0AB0068C894 /* PassportIntroView.swift */; };
		56933DEF2BBABD100068C894 /* ScanPassportView.swift in Sources */ = {isa = PBXBuildFile; fileRef = 56933DEE2BBABD100068C894 /* ScanPassportView.swift */; };
		56933DF12BBAC1B10068C894 /* ScanPassportLayoutView.swift in Sources */ = {isa = PBXBuildFile; fileRef = 56933DF02BBAC1B10068C894 /* ScanPassportLayoutView.swift */; };
		56933DF32BBAC2940068C894 /* ScanPassportMRZView.swift in Sources */ = {isa = PBXBuildFile; fileRef = 56933DF22BBAC2940068C894 /* ScanPassportMRZView.swift */; };
		56933DF52BBAC42E0068C894 /* ReadPassportNFCView.swift in Sources */ = {isa = PBXBuildFile; fileRef = 56933DF42BBAC42E0068C894 /* ReadPassportNFCView.swift */; };
		56933DF72BBAC7D10068C894 /* SelectPassportDataView.swift in Sources */ = {isa = PBXBuildFile; fileRef = 56933DF62BBAC7D10068C894 /* SelectPassportDataView.swift */; };
		56933DFB2BBAFBD90068C894 /* AppToggle.swift in Sources */ = {isa = PBXBuildFile; fileRef = 56933DFA2BBAFBD90068C894 /* AppToggle.swift */; };
		56933DFD2BBAFDD00068C894 /* PassportProofView.swift in Sources */ = {isa = PBXBuildFile; fileRef = 56933DFC2BBAFDD00068C894 /* PassportProofView.swift */; };
		56933DFF2BBBFDA30068C894 /* ProcessingStatus.swift in Sources */ = {isa = PBXBuildFile; fileRef = 56933DFE2BBBFDA30068C894 /* ProcessingStatus.swift */; };
		56933E012BBBFDD90068C894 /* CirclesLoader.swift in Sources */ = {isa = PBXBuildFile; fileRef = 56933E002BBBFDD90068C894 /* CirclesLoader.swift */; };
		56933E032BBBFDFE0068C894 /* ProcessingChipView.swift in Sources */ = {isa = PBXBuildFile; fileRef = 56933E022BBBFDFE0068C894 /* ProcessingChipView.swift */; };
		56933E052BBC00D60068C894 /* RewardChipView.swift in Sources */ = {isa = PBXBuildFile; fileRef = 56933E042BBC00D60068C894 /* RewardChipView.swift */; };
		56933E082BBC09990068C894 /* QKMRZScanner in Frameworks */ = {isa = PBXBuildFile; productRef = 56933E072BBC09990068C894 /* QKMRZScanner */; };
		56933E0C2BBC09D20068C894 /* MRZViewModel.swift in Sources */ = {isa = PBXBuildFile; fileRef = 56933E0B2BBC09D20068C894 /* MRZViewModel.swift */; };
		56933E0E2BBC09F10068C894 /* MRZScannerView.swift in Sources */ = {isa = PBXBuildFile; fileRef = 56933E0D2BBC09F10068C894 /* MRZScannerView.swift */; };
		56A6C7542BBC192800992562 /* Passport.json in Resources */ = {isa = PBXBuildFile; fileRef = 56A6C7532BBC192800992562 /* Passport.json */; };
		56A6C7562BBC194800992562 /* Animations.swift in Sources */ = {isa = PBXBuildFile; fileRef = 56A6C7552BBC194800992562 /* Animations.swift */; };
		56A6C75C2BBC2CD500992562 /* PassportUtils.swift in Sources */ = {isa = PBXBuildFile; fileRef = 56A6C75B2BBC2CD500992562 /* PassportUtils.swift */; };
		56A6C75F2BBC309A00992562 /* NFCScanner.swift in Sources */ = {isa = PBXBuildFile; fileRef = 56A6C75E2BBC309A00992562 /* NFCScanner.swift */; };
		56A6C7672BBC342A00992562 /* masterList.pem in Resources */ = {isa = PBXBuildFile; fileRef = 56A6C7662BBC342A00992562 /* masterList.pem */; };
		56A6C76A2BBC57B700992562 /* PassportViewModel.swift in Sources */ = {isa = PBXBuildFile; fileRef = 56A6C7692BBC57B700992562 /* PassportViewModel.swift */; };
		56A6C76E2BBD474200992562 /* DateUtil.swift in Sources */ = {isa = PBXBuildFile; fileRef = 56A6C76D2BBD474200992562 /* DateUtil.swift */; };
		56AC03402BB06A2D00A34A00 /* Image+Icon.swift in Sources */ = {isa = PBXBuildFile; fileRef = 56AC033F2BB06A2D00A34A00 /* Image+Icon.swift */; };
		56CC01E52BCD81AA008CEBE0 /* AirdropIntroView.swift in Sources */ = {isa = PBXBuildFile; fileRef = 56CC01E42BCD81AA008CEBE0 /* AirdropIntroView.swift */; };
		56DAA3012BB723A1002CF710 /* NewIdentityView.swift in Sources */ = {isa = PBXBuildFile; fileRef = 56DAA3002BB723A1002CF710 /* NewIdentityView.swift */; };
		56DAA3052BB72E35002CF710 /* InfoAlert.swift in Sources */ = {isa = PBXBuildFile; fileRef = 56DAA3042BB72E35002CF710 /* InfoAlert.swift */; };
		56DAA3072BB77550002CF710 /* IdentityStepLayoutView.swift in Sources */ = {isa = PBXBuildFile; fileRef = 56DAA3062BB77550002CF710 /* IdentityStepLayoutView.swift */; };
		56DAA30B2BB8B977002CF710 /* View+DynamicSheet.swift in Sources */ = {isa = PBXBuildFile; fileRef = 56DAA30A2BB8B977002CF710 /* View+DynamicSheet.swift */; };
		56DAA30F2BB8C3CB002CF710 /* EnablePasscodeView.swift in Sources */ = {isa = PBXBuildFile; fileRef = 56DAA30E2BB8C3CB002CF710 /* EnablePasscodeView.swift */; };
		56DAA3112BB8C97D002CF710 /* EnableLayoutView.swift in Sources */ = {isa = PBXBuildFile; fileRef = 56DAA3102BB8C97D002CF710 /* EnableLayoutView.swift */; };
		56DAA3132BB8CA4F002CF710 /* EnableFaceIdView.swift in Sources */ = {isa = PBXBuildFile; fileRef = 56DAA3122BB8CA4F002CF710 /* EnableFaceIdView.swift */; };
		56DAA3152BB8CC95002CF710 /* PasscodeFieldView.swift in Sources */ = {isa = PBXBuildFile; fileRef = 56DAA3142BB8CC95002CF710 /* PasscodeFieldView.swift */; };
		56E2D9152BCE7FC4006E725D /* HomeIntroLayoutView.swift in Sources */ = {isa = PBXBuildFile; fileRef = 56E2D9142BCE7FC4006E725D /* HomeIntroLayoutView.swift */; };
		56E2D9172BCE938F006E725D /* ActionCard.swift in Sources */ = {isa = PBXBuildFile; fileRef = 56E2D9162BCE938F006E725D /* ActionCard.swift */; };
		56E2D9192BCE94CA006E725D /* RarimeInfoView.swift in Sources */ = {isa = PBXBuildFile; fileRef = 56E2D9182BCE94CA006E725D /* RarimeInfoView.swift */; };
		56E2D91B2BCEA66A006E725D /* PassportCard.swift in Sources */ = {isa = PBXBuildFile; fileRef = 56E2D91A2BCEA66A006E725D /* PassportCard.swift */; };
		56E2D91E2BCEC90B006E725D /* HomeView+ViewModel.swift in Sources */ = {isa = PBXBuildFile; fileRef = 56E2D91D2BCEC90B006E725D /* HomeView+ViewModel.swift */; };
		56E2D9202BCED460006E725D /* AppCheckbox.swift in Sources */ = {isa = PBXBuildFile; fileRef = 56E2D91F2BCED460006E725D /* AppCheckbox.swift */; };
		56E2D9222BCFBA0B006E725D /* PassportImageView.swift in Sources */ = {isa = PBXBuildFile; fileRef = 56E2D9212BCFBA0B006E725D /* PassportImageView.swift */; };
		56E2D92D2BD0196B006E725D /* QRCodeView.swift in Sources */ = {isa = PBXBuildFile; fileRef = 56E2D92C2BD0196B006E725D /* QRCodeView.swift */; };
		56E2D9322BD01E71006E725D /* NFCPassportReader in Frameworks */ = {isa = PBXBuildFile; productRef = 56E2D9312BD01E71006E725D /* NFCPassportReader */; };
		56F48BBE2BC02E82001F3AA4 /* AppButton.swift in Sources */ = {isa = PBXBuildFile; fileRef = 56F48BBD2BC02E82001F3AA4 /* AppButton.swift */; };
		CE32CF4F2BAC97A800E507B6 /* MainView.swift in Sources */ = {isa = PBXBuildFile; fileRef = CE32CF4E2BAC97A800E507B6 /* MainView.swift */; };
		CE32CF522BAC981300E507B6 /* Lottie in Frameworks */ = {isa = PBXBuildFile; productRef = CE32CF512BAC981300E507B6 /* Lottie */; };
		CE778B792BA9CA0A00B26485 /* AppView+ViewModel.swift in Sources */ = {isa = PBXBuildFile; fileRef = CE778B782BA9CA0A00B26485 /* AppView+ViewModel.swift */; };
		CE9E82B62BA881F400AAF885 /* RarimeApp.swift in Sources */ = {isa = PBXBuildFile; fileRef = CE9E82B52BA881F400AAF885 /* RarimeApp.swift */; };
		CE9E82B82BA881F400AAF885 /* AppView.swift in Sources */ = {isa = PBXBuildFile; fileRef = CE9E82B72BA881F400AAF885 /* AppView.swift */; };
		CE9E82BA2BA881F500AAF885 /* Assets.xcassets in Resources */ = {isa = PBXBuildFile; fileRef = CE9E82B92BA881F500AAF885 /* Assets.xcassets */; };
		CE9E82D72BA8917100AAF885 /* LottieView.swift in Sources */ = {isa = PBXBuildFile; fileRef = CE9E82D62BA8917100AAF885 /* LottieView.swift */; };
		CE9E82E92BA89DBE00AAF885 /* Config.swift in Sources */ = {isa = PBXBuildFile; fileRef = CE9E82E82BA89DBE00AAF885 /* Config.swift */; };
/* End PBXBuildFile section */

/* Begin PBXFileReference section */
		560F0C1E2BD027EA00067054 /* WalletReceiveView.swift */ = {isa = PBXFileReference; lastKnownFileType = sourcecode.swift; path = WalletReceiveView.swift; sourceTree = "<group>"; };
		560F0C202BD027FB00067054 /* WalletRouteLayout.swift */ = {isa = PBXFileReference; lastKnownFileType = sourcecode.swift; path = WalletRouteLayout.swift; sourceTree = "<group>"; };
		560F0C222BD02DFD00067054 /* WalletSendView.swift */ = {isa = PBXFileReference; lastKnownFileType = sourcecode.swift; path = WalletSendView.swift; sourceTree = "<group>"; };
		560F0C242BD036F900067054 /* AppTextField.swift */ = {isa = PBXFileReference; lastKnownFileType = sourcecode.swift; path = AppTextField.swift; sourceTree = "<group>"; };
		560F0C262BD1146C00067054 /* ScanQRView.swift */ = {isa = PBXFileReference; lastKnownFileType = sourcecode.swift; path = ScanQRView.swift; sourceTree = "<group>"; };
		560F0C2B2BD133A000067054 /* MainViewLayout.swift */ = {isa = PBXFileReference; lastKnownFileType = sourcecode.swift; path = MainViewLayout.swift; sourceTree = "<group>"; };
		560F0C2E2BD135D400067054 /* MainView+ViewModel.swift */ = {isa = PBXFileReference; lastKnownFileType = sourcecode.swift; path = "MainView+ViewModel.swift"; sourceTree = "<group>"; };
		560F0C312BD1576100067054 /* WalletViewModel.swift */ = {isa = PBXFileReference; lastKnownFileType = sourcecode.swift; path = WalletViewModel.swift; sourceTree = "<group>"; };
		561C3C272BADA8A600FBB3B9 /* Icons.swift */ = {isa = PBXFileReference; lastKnownFileType = sourcecode.swift; path = Icons.swift; sourceTree = "<group>"; };
		561C3C2A2BADBF1000FBB3B9 /* View+Typography.swift */ = {isa = PBXFileReference; lastKnownFileType = sourcecode.swift; path = "View+Typography.swift"; sourceTree = "<group>"; };
		561C3C382BADE64B00FBB3B9 /* Fonts.swift */ = {isa = PBXFileReference; lastKnownFileType = sourcecode.swift; path = Fonts.swift; sourceTree = "<group>"; };
		561C3C3A2BADF0AA00FBB3B9 /* Inter-Regular.ttf */ = {isa = PBXFileReference; lastKnownFileType = file; path = "Inter-Regular.ttf"; sourceTree = "<group>"; };
		561C3C3B2BADF0AA00FBB3B9 /* Inter-Bold.ttf */ = {isa = PBXFileReference; lastKnownFileType = file; path = "Inter-Bold.ttf"; sourceTree = "<group>"; };
		561C3C3C2BADF0AA00FBB3B9 /* Inter-SemiBold.ttf */ = {isa = PBXFileReference; lastKnownFileType = file; path = "Inter-SemiBold.ttf"; sourceTree = "<group>"; };
		561C3C3D2BADF0AA00FBB3B9 /* Inter-Medium.ttf */ = {isa = PBXFileReference; lastKnownFileType = file; path = "Inter-Medium.ttf"; sourceTree = "<group>"; };
		561C3C422BAEE2D600FBB3B9 /* String+Error.swift */ = {isa = PBXFileReference; lastKnownFileType = sourcecode.swift; path = "String+Error.swift"; sourceTree = "<group>"; };
		563529E42BB072060027C910 /* RewardsView.swift */ = {isa = PBXFileReference; lastKnownFileType = sourcecode.swift; path = RewardsView.swift; sourceTree = "<group>"; };
		563529E62BB072870027C910 /* WalletView.swift */ = {isa = PBXFileReference; lastKnownFileType = sourcecode.swift; path = WalletView.swift; sourceTree = "<group>"; };
		563529E82BB072B80027C910 /* HomeView.swift */ = {isa = PBXFileReference; lastKnownFileType = sourcecode.swift; path = HomeView.swift; sourceTree = "<group>"; };
		563529EA2BB072FD0027C910 /* UINavigationController+HiddenNavBar.swift */ = {isa = PBXFileReference; lastKnownFileType = sourcecode.swift; path = "UINavigationController+HiddenNavBar.swift"; sourceTree = "<group>"; };
		563529EE2BB0732C0027C910 /* CredentialsView.swift */ = {isa = PBXFileReference; lastKnownFileType = sourcecode.swift; path = CredentialsView.swift; sourceTree = "<group>"; };
		563529F02BB0736A0027C910 /* TabBarView.swift */ = {isa = PBXFileReference; lastKnownFileType = sourcecode.swift; path = TabBarView.swift; sourceTree = "<group>"; };
		563529F52BB077AB0027C910 /* CardContainer.swift */ = {isa = PBXFileReference; lastKnownFileType = sourcecode.swift; path = CardContainer.swift; sourceTree = "<group>"; };
		56474AD52BB9860E0017AA25 /* FaceIdAuth.swift */ = {isa = PBXFileReference; lastKnownFileType = sourcecode.swift; path = FaceIdAuth.swift; sourceTree = "<group>"; };
		56474AD72BB986A40017AA25 /* FeedbackGenerator.swift */ = {isa = PBXFileReference; lastKnownFileType = sourcecode.swift; path = FeedbackGenerator.swift; sourceTree = "<group>"; };
		56474AD92BB9ED6E0017AA25 /* AnyTransition+Backslide.swift */ = {isa = PBXFileReference; lastKnownFileType = sourcecode.swift; path = "AnyTransition+Backslide.swift"; sourceTree = "<group>"; };
		56722F1F2BCD62BB00300AD0 /* ProfileView.swift */ = {isa = PBXFileReference; lastKnownFileType = sourcecode.swift; path = ProfileView.swift; sourceTree = "<group>"; };
		567AEC9A2BBD9B8100A20E83 /* Passport.swift */ = {isa = PBXFileReference; lastKnownFileType = sourcecode.swift; path = Passport.swift; sourceTree = "<group>"; };
		568B4FCB2BB6C164001C9C74 /* IntroView.swift */ = {isa = PBXFileReference; lastKnownFileType = sourcecode.swift; path = IntroView.swift; sourceTree = "<group>"; };
		568B4FCD2BB6C274001C9C74 /* IntroStepView.swift */ = {isa = PBXFileReference; lastKnownFileType = sourcecode.swift; path = IntroStepView.swift; sourceTree = "<group>"; };
		568B4FD02BB6D88F001C9C74 /* Divider.swift */ = {isa = PBXFileReference; lastKnownFileType = sourcecode.swift; path = Divider.swift; sourceTree = "<group>"; };
		568B4FDF2BB70852001C9C74 /* Localizable.xcstrings */ = {isa = PBXFileReference; lastKnownFileType = text.json.xcstrings; path = Localizable.xcstrings; sourceTree = "<group>"; };
		568B4FE12BB70BEA001C9C74 /* GetStartedView.swift */ = {isa = PBXFileReference; lastKnownFileType = sourcecode.swift; path = GetStartedView.swift; sourceTree = "<group>"; };
		568B4FE42BB70CAA001C9C74 /* IntroStep.swift */ = {isa = PBXFileReference; lastKnownFileType = sourcecode.swift; path = IntroStep.swift; sourceTree = "<group>"; };
		56933DEC2BBAB0AB0068C894 /* PassportIntroView.swift */ = {isa = PBXFileReference; lastKnownFileType = sourcecode.swift; path = PassportIntroView.swift; sourceTree = "<group>"; };
		56933DEE2BBABD100068C894 /* ScanPassportView.swift */ = {isa = PBXFileReference; lastKnownFileType = sourcecode.swift; path = ScanPassportView.swift; sourceTree = "<group>"; };
		56933DF02BBAC1B10068C894 /* ScanPassportLayoutView.swift */ = {isa = PBXFileReference; lastKnownFileType = sourcecode.swift; path = ScanPassportLayoutView.swift; sourceTree = "<group>"; };
		56933DF22BBAC2940068C894 /* ScanPassportMRZView.swift */ = {isa = PBXFileReference; lastKnownFileType = sourcecode.swift; path = ScanPassportMRZView.swift; sourceTree = "<group>"; };
		56933DF42BBAC42E0068C894 /* ReadPassportNFCView.swift */ = {isa = PBXFileReference; lastKnownFileType = sourcecode.swift; path = ReadPassportNFCView.swift; sourceTree = "<group>"; };
		56933DF62BBAC7D10068C894 /* SelectPassportDataView.swift */ = {isa = PBXFileReference; lastKnownFileType = sourcecode.swift; path = SelectPassportDataView.swift; sourceTree = "<group>"; };
		56933DFA2BBAFBD90068C894 /* AppToggle.swift */ = {isa = PBXFileReference; lastKnownFileType = sourcecode.swift; path = AppToggle.swift; sourceTree = "<group>"; };
		56933DFC2BBAFDD00068C894 /* PassportProofView.swift */ = {isa = PBXFileReference; lastKnownFileType = sourcecode.swift; path = PassportProofView.swift; sourceTree = "<group>"; };
		56933DFE2BBBFDA30068C894 /* ProcessingStatus.swift */ = {isa = PBXFileReference; lastKnownFileType = sourcecode.swift; path = ProcessingStatus.swift; sourceTree = "<group>"; };
		56933E002BBBFDD90068C894 /* CirclesLoader.swift */ = {isa = PBXFileReference; lastKnownFileType = sourcecode.swift; path = CirclesLoader.swift; sourceTree = "<group>"; };
		56933E022BBBFDFE0068C894 /* ProcessingChipView.swift */ = {isa = PBXFileReference; lastKnownFileType = sourcecode.swift; path = ProcessingChipView.swift; sourceTree = "<group>"; };
		56933E042BBC00D60068C894 /* RewardChipView.swift */ = {isa = PBXFileReference; lastKnownFileType = sourcecode.swift; path = RewardChipView.swift; sourceTree = "<group>"; };
		56933E0B2BBC09D20068C894 /* MRZViewModel.swift */ = {isa = PBXFileReference; lastKnownFileType = sourcecode.swift; path = MRZViewModel.swift; sourceTree = "<group>"; };
		56933E0D2BBC09F10068C894 /* MRZScannerView.swift */ = {isa = PBXFileReference; lastKnownFileType = sourcecode.swift; path = MRZScannerView.swift; sourceTree = "<group>"; };
		56A6C7532BBC192800992562 /* Passport.json */ = {isa = PBXFileReference; lastKnownFileType = text.json; path = Passport.json; sourceTree = "<group>"; };
		56A6C7552BBC194800992562 /* Animations.swift */ = {isa = PBXFileReference; lastKnownFileType = sourcecode.swift; path = Animations.swift; sourceTree = "<group>"; };
		56A6C75B2BBC2CD500992562 /* PassportUtils.swift */ = {isa = PBXFileReference; lastKnownFileType = sourcecode.swift; path = PassportUtils.swift; sourceTree = "<group>"; };
		56A6C75D2BBC2FE900992562 /* Rarime.entitlements */ = {isa = PBXFileReference; lastKnownFileType = text.plist.entitlements; path = Rarime.entitlements; sourceTree = "<group>"; };
		56A6C75E2BBC309A00992562 /* NFCScanner.swift */ = {isa = PBXFileReference; lastKnownFileType = sourcecode.swift; path = NFCScanner.swift; sourceTree = "<group>"; };
		56A6C7662BBC342A00992562 /* masterList.pem */ = {isa = PBXFileReference; fileEncoding = 4; lastKnownFileType = text; path = masterList.pem; sourceTree = "<group>"; };
		56A6C7692BBC57B700992562 /* PassportViewModel.swift */ = {isa = PBXFileReference; lastKnownFileType = sourcecode.swift; path = PassportViewModel.swift; sourceTree = "<group>"; };
		56A6C76D2BBD474200992562 /* DateUtil.swift */ = {isa = PBXFileReference; lastKnownFileType = sourcecode.swift; path = DateUtil.swift; sourceTree = "<group>"; };
		56AC033F2BB06A2D00A34A00 /* Image+Icon.swift */ = {isa = PBXFileReference; lastKnownFileType = sourcecode.swift; path = "Image+Icon.swift"; sourceTree = "<group>"; };
		56CC01E42BCD81AA008CEBE0 /* AirdropIntroView.swift */ = {isa = PBXFileReference; fileEncoding = 4; lastKnownFileType = sourcecode.swift; path = AirdropIntroView.swift; sourceTree = "<group>"; };
		56DAA3002BB723A1002CF710 /* NewIdentityView.swift */ = {isa = PBXFileReference; lastKnownFileType = sourcecode.swift; path = NewIdentityView.swift; sourceTree = "<group>"; };
		56DAA3042BB72E35002CF710 /* InfoAlert.swift */ = {isa = PBXFileReference; lastKnownFileType = sourcecode.swift; path = InfoAlert.swift; sourceTree = "<group>"; };
		56DAA3062BB77550002CF710 /* IdentityStepLayoutView.swift */ = {isa = PBXFileReference; lastKnownFileType = sourcecode.swift; path = IdentityStepLayoutView.swift; sourceTree = "<group>"; };
		56DAA30A2BB8B977002CF710 /* View+DynamicSheet.swift */ = {isa = PBXFileReference; lastKnownFileType = sourcecode.swift; path = "View+DynamicSheet.swift"; sourceTree = "<group>"; };
		56DAA30E2BB8C3CB002CF710 /* EnablePasscodeView.swift */ = {isa = PBXFileReference; lastKnownFileType = sourcecode.swift; path = EnablePasscodeView.swift; sourceTree = "<group>"; };
		56DAA3102BB8C97D002CF710 /* EnableLayoutView.swift */ = {isa = PBXFileReference; lastKnownFileType = sourcecode.swift; path = EnableLayoutView.swift; sourceTree = "<group>"; };
		56DAA3122BB8CA4F002CF710 /* EnableFaceIdView.swift */ = {isa = PBXFileReference; lastKnownFileType = sourcecode.swift; path = EnableFaceIdView.swift; sourceTree = "<group>"; };
		56DAA3142BB8CC95002CF710 /* PasscodeFieldView.swift */ = {isa = PBXFileReference; lastKnownFileType = sourcecode.swift; path = PasscodeFieldView.swift; sourceTree = "<group>"; };
		56E2D9142BCE7FC4006E725D /* HomeIntroLayoutView.swift */ = {isa = PBXFileReference; lastKnownFileType = sourcecode.swift; path = HomeIntroLayoutView.swift; sourceTree = "<group>"; };
		56E2D9162BCE938F006E725D /* ActionCard.swift */ = {isa = PBXFileReference; lastKnownFileType = sourcecode.swift; path = ActionCard.swift; sourceTree = "<group>"; };
		56E2D9182BCE94CA006E725D /* RarimeInfoView.swift */ = {isa = PBXFileReference; lastKnownFileType = sourcecode.swift; path = RarimeInfoView.swift; sourceTree = "<group>"; };
		56E2D91A2BCEA66A006E725D /* PassportCard.swift */ = {isa = PBXFileReference; lastKnownFileType = sourcecode.swift; path = PassportCard.swift; sourceTree = "<group>"; };
		56E2D91D2BCEC90B006E725D /* HomeView+ViewModel.swift */ = {isa = PBXFileReference; lastKnownFileType = sourcecode.swift; path = "HomeView+ViewModel.swift"; sourceTree = "<group>"; };
		56E2D91F2BCED460006E725D /* AppCheckbox.swift */ = {isa = PBXFileReference; lastKnownFileType = sourcecode.swift; path = AppCheckbox.swift; sourceTree = "<group>"; };
		56E2D9212BCFBA0B006E725D /* PassportImageView.swift */ = {isa = PBXFileReference; lastKnownFileType = sourcecode.swift; path = PassportImageView.swift; sourceTree = "<group>"; };
		56E2D92C2BD0196B006E725D /* QRCodeView.swift */ = {isa = PBXFileReference; lastKnownFileType = sourcecode.swift; path = QRCodeView.swift; sourceTree = "<group>"; };
		56F48BBD2BC02E82001F3AA4 /* AppButton.swift */ = {isa = PBXFileReference; lastKnownFileType = sourcecode.swift; path = AppButton.swift; sourceTree = "<group>"; };
		CE32CF4E2BAC97A800E507B6 /* MainView.swift */ = {isa = PBXFileReference; lastKnownFileType = sourcecode.swift; path = MainView.swift; sourceTree = "<group>"; };
		CE778B782BA9CA0A00B26485 /* AppView+ViewModel.swift */ = {isa = PBXFileReference; lastKnownFileType = sourcecode.swift; path = "AppView+ViewModel.swift"; sourceTree = "<group>"; };
		CE9E82B22BA881F400AAF885 /* Rarime.app */ = {isa = PBXFileReference; explicitFileType = wrapper.application; includeInIndex = 0; path = Rarime.app; sourceTree = BUILT_PRODUCTS_DIR; };
		CE9E82B52BA881F400AAF885 /* RarimeApp.swift */ = {isa = PBXFileReference; lastKnownFileType = sourcecode.swift; path = RarimeApp.swift; sourceTree = "<group>"; };
		CE9E82B72BA881F400AAF885 /* AppView.swift */ = {isa = PBXFileReference; lastKnownFileType = sourcecode.swift; path = AppView.swift; sourceTree = "<group>"; };
		CE9E82B92BA881F500AAF885 /* Assets.xcassets */ = {isa = PBXFileReference; lastKnownFileType = folder.assetcatalog; path = Assets.xcassets; sourceTree = "<group>"; };
		CE9E82D62BA8917100AAF885 /* LottieView.swift */ = {isa = PBXFileReference; lastKnownFileType = sourcecode.swift; path = LottieView.swift; sourceTree = "<group>"; };
		CE9E82E02BA8974C00AAF885 /* Development.xcconfig */ = {isa = PBXFileReference; lastKnownFileType = text.xcconfig; path = Development.xcconfig; sourceTree = "<group>"; };
		CE9E82E22BA8975F00AAF885 /* Production.xcconfig */ = {isa = PBXFileReference; lastKnownFileType = text.xcconfig; path = Production.xcconfig; sourceTree = "<group>"; };
		CE9E82E62BA89CE300AAF885 /* Info.plist */ = {isa = PBXFileReference; lastKnownFileType = text.plist.xml; path = Info.plist; sourceTree = SOURCE_ROOT; };
		CE9E82E82BA89DBE00AAF885 /* Config.swift */ = {isa = PBXFileReference; lastKnownFileType = sourcecode.swift; path = Config.swift; sourceTree = "<group>"; };
/* End PBXFileReference section */

/* Begin PBXFrameworksBuildPhase section */
		CE9E82AF2BA881F400AAF885 /* Frameworks */ = {
			isa = PBXFrameworksBuildPhase;
			buildActionMask = 2147483647;
			files = (
				560F0C1D2BD0234300067054 /* QRCode in Frameworks */,
				CE32CF522BAC981300E507B6 /* Lottie in Frameworks */,
				56E2D9322BD01E71006E725D /* NFCPassportReader in Frameworks */,
				56933E082BBC09990068C894 /* QKMRZScanner in Frameworks */,
				560F0C2A2BD114EE00067054 /* CodeScanner in Frameworks */,
			);
			runOnlyForDeploymentPostprocessing = 0;
		};
/* End PBXFrameworksBuildPhase section */

/* Begin PBXGroup section */
		560F0C1B2BD0234300067054 /* Frameworks */ = {
			isa = PBXGroup;
			children = (
			);
			name = Frameworks;
			sourceTree = "<group>";
		};
		560F0C2D2BD135CA00067054 /* ViewModels */ = {
			isa = PBXGroup;
			children = (
				560F0C2E2BD135D400067054 /* MainView+ViewModel.swift */,
			);
			path = ViewModels;
			sourceTree = "<group>";
		};
		560F0C302BD1575800067054 /* ViewModels */ = {
			isa = PBXGroup;
			children = (
				560F0C312BD1576100067054 /* WalletViewModel.swift */,
			);
			path = ViewModels;
			sourceTree = "<group>";
		};
		561C3C262BADA89000FBB3B9 /* Enums */ = {
			isa = PBXGroup;
			children = (
				561C3C382BADE64B00FBB3B9 /* Fonts.swift */,
				561C3C272BADA8A600FBB3B9 /* Icons.swift */,
				56A6C7552BBC194800992562 /* Animations.swift */,
				56933DFE2BBBFDA30068C894 /* ProcessingStatus.swift */,
			);
			path = Enums;
			sourceTree = "<group>";
		};
		561C3C2D2BADC10300FBB3B9 /* Inter */ = {
			isa = PBXGroup;
			children = (
				561C3C3B2BADF0AA00FBB3B9 /* Inter-Bold.ttf */,
				561C3C3D2BADF0AA00FBB3B9 /* Inter-Medium.ttf */,
				561C3C3A2BADF0AA00FBB3B9 /* Inter-Regular.ttf */,
				561C3C3C2BADF0AA00FBB3B9 /* Inter-SemiBold.ttf */,
			);
			path = Inter;
			sourceTree = "<group>";
		};
		563529DA2BB0714A0027C910 /* Home */ = {
			isa = PBXGroup;
			children = (
				56E2D91C2BCEC8FE006E725D /* ViewModels */,
				563529DF2BB0718E0027C910 /* Views */,
			);
			path = Home;
			sourceTree = "<group>";
		};
		563529DB2BB071570027C910 /* Wallet */ = {
			isa = PBXGroup;
			children = (
				560F0C302BD1575800067054 /* ViewModels */,
				563529DE2BB071890027C910 /* Views */,
			);
			path = Wallet;
			sourceTree = "<group>";
		};
		563529DC2BB0717D0027C910 /* Rewards */ = {
			isa = PBXGroup;
			children = (
				563529DD2BB071840027C910 /* Views */,
			);
			path = Rewards;
			sourceTree = "<group>";
		};
		563529DD2BB071840027C910 /* Views */ = {
			isa = PBXGroup;
			children = (
				563529E42BB072060027C910 /* RewardsView.swift */,
			);
			path = Views;
			sourceTree = "<group>";
		};
		563529DE2BB071890027C910 /* Views */ = {
			isa = PBXGroup;
			children = (
				563529E62BB072870027C910 /* WalletView.swift */,
				560F0C1E2BD027EA00067054 /* WalletReceiveView.swift */,
				560F0C222BD02DFD00067054 /* WalletSendView.swift */,
				560F0C202BD027FB00067054 /* WalletRouteLayout.swift */,
			);
			path = Views;
			sourceTree = "<group>";
		};
		563529DF2BB0718E0027C910 /* Views */ = {
			isa = PBXGroup;
			children = (
				563529E82BB072B80027C910 /* HomeView.swift */,
				56CC01E42BCD81AA008CEBE0 /* AirdropIntroView.swift */,
				56933DEC2BBAB0AB0068C894 /* PassportIntroView.swift */,
				56E2D9182BCE94CA006E725D /* RarimeInfoView.swift */,
				56E2D91A2BCEA66A006E725D /* PassportCard.swift */,
				56E2D9142BCE7FC4006E725D /* HomeIntroLayoutView.swift */,
			);
			path = Views;
			sourceTree = "<group>";
		};
		563529E02BB071930027C910 /* Profile */ = {
			isa = PBXGroup;
			children = (
				563529E12BB071990027C910 /* Views */,
			);
			path = Profile;
			sourceTree = "<group>";
		};
		563529E12BB071990027C910 /* Views */ = {
			isa = PBXGroup;
			children = (
				56722F1F2BCD62BB00300AD0 /* ProfileView.swift */,
			);
			path = Views;
			sourceTree = "<group>";
		};
		563529EC2BB073180027C910 /* Credentials */ = {
			isa = PBXGroup;
			children = (
				563529ED2BB0731F0027C910 /* Views */,
			);
			path = Credentials;
			sourceTree = "<group>";
		};
		563529ED2BB0731F0027C910 /* Views */ = {
			isa = PBXGroup;
			children = (
				563529EE2BB0732C0027C910 /* CredentialsView.swift */,
			);
			path = Views;
			sourceTree = "<group>";
		};
		56474AD42BB985E00017AA25 /* Utilities */ = {
			isa = PBXGroup;
			children = (
				56474AD52BB9860E0017AA25 /* FaceIdAuth.swift */,
				56A6C76D2BBD474200992562 /* DateUtil.swift */,
				56A6C75B2BBC2CD500992562 /* PassportUtils.swift */,
				56474AD72BB986A40017AA25 /* FeedbackGenerator.swift */,
			);
			path = Utilities;
			sourceTree = "<group>";
		};
		567AEC9C2BBDA13900A20E83 /* Utils */ = {
			isa = PBXGroup;
			children = (
				56A6C75E2BBC309A00992562 /* NFCScanner.swift */,
			);
			path = Utils;
			sourceTree = "<group>";
		};
		568B4FC92BB6C156001C9C74 /* Intro */ = {
			isa = PBXGroup;
			children = (
				568B4FE32BB70C97001C9C74 /* Enums */,
				568B4FCA2BB6C15A001C9C74 /* Views */,
			);
			path = Intro;
			sourceTree = "<group>";
		};
		568B4FCA2BB6C15A001C9C74 /* Views */ = {
			isa = PBXGroup;
			children = (
				568B4FCB2BB6C164001C9C74 /* IntroView.swift */,
				56DAA3002BB723A1002CF710 /* NewIdentityView.swift */,
				56DAA3062BB77550002CF710 /* IdentityStepLayoutView.swift */,
				568B4FE12BB70BEA001C9C74 /* GetStartedView.swift */,
				568B4FCD2BB6C274001C9C74 /* IntroStepView.swift */,
			);
			path = Views;
			sourceTree = "<group>";
		};
		568B4FE32BB70C97001C9C74 /* Enums */ = {
			isa = PBXGroup;
			children = (
				568B4FE42BB70CAA001C9C74 /* IntroStep.swift */,
			);
			path = Enums;
			sourceTree = "<group>";
		};
		56933DEB2BBAB0660068C894 /* ScanPassport */ = {
			isa = PBXGroup;
			children = (
				56933E0A2BBC09B90068C894 /* Models */,
				567AEC9C2BBDA13900A20E83 /* Utils */,
				56A6C7682BBC57A600992562 /* ViewModels */,
				56933E092BBC09A90068C894 /* Views */,
			);
			path = ScanPassport;
			sourceTree = "<group>";
		};
		56933E092BBC09A90068C894 /* Views */ = {
			isa = PBXGroup;
			children = (
				56933DEE2BBABD100068C894 /* ScanPassportView.swift */,
				56933DF22BBAC2940068C894 /* ScanPassportMRZView.swift */,
				56933DF42BBAC42E0068C894 /* ReadPassportNFCView.swift */,
				56933DF62BBAC7D10068C894 /* SelectPassportDataView.swift */,
				56933DFC2BBAFDD00068C894 /* PassportProofView.swift */,
				56933E0D2BBC09F10068C894 /* MRZScannerView.swift */,
				56933DF02BBAC1B10068C894 /* ScanPassportLayoutView.swift */,
			);
			path = Views;
			sourceTree = "<group>";
		};
		56933E0A2BBC09B90068C894 /* Models */ = {
			isa = PBXGroup;
			children = (
				567AEC9A2BBD9B8100A20E83 /* Passport.swift */,
			);
			path = Models;
			sourceTree = "<group>";
		};
		56A6C7522BBC18F100992562 /* Animations */ = {
			isa = PBXGroup;
			children = (
				56A6C7532BBC192800992562 /* Passport.json */,
			);
			path = Animations;
			sourceTree = "<group>";
		};
		56A6C7652BBC340300992562 /* NFC */ = {
			isa = PBXGroup;
			children = (
				56A6C7662BBC342A00992562 /* masterList.pem */,
			);
			path = NFC;
			sourceTree = "<group>";
		};
		56A6C7682BBC57A600992562 /* ViewModels */ = {
			isa = PBXGroup;
			children = (
				56933E0B2BBC09D20068C894 /* MRZViewModel.swift */,
				56A6C7692BBC57B700992562 /* PassportViewModel.swift */,
			);
			path = ViewModels;
			sourceTree = "<group>";
		};
		56DAA30C2BB8C38D002CF710 /* Security */ = {
			isa = PBXGroup;
			children = (
				56DAA30D2BB8C395002CF710 /* Views */,
			);
			path = Security;
			sourceTree = "<group>";
		};
		56DAA30D2BB8C395002CF710 /* Views */ = {
			isa = PBXGroup;
			children = (
				56DAA30E2BB8C3CB002CF710 /* EnablePasscodeView.swift */,
				56DAA3122BB8CA4F002CF710 /* EnableFaceIdView.swift */,
				56DAA3102BB8C97D002CF710 /* EnableLayoutView.swift */,
			);
			path = Views;
			sourceTree = "<group>";
		};
		56E2D91C2BCEC8FE006E725D /* ViewModels */ = {
			isa = PBXGroup;
			children = (
				56E2D91D2BCEC90B006E725D /* HomeView+ViewModel.swift */,
			);
			path = ViewModels;
			sourceTree = "<group>";
		};
		56F48BBB2BC02DD0001F3AA4 /* UI */ = {
			isa = PBXGroup;
			children = (
				56F48BBC2BC02E02001F3AA4 /* Views */,
			);
			path = UI;
			sourceTree = "<group>";
		};
		56F48BBC2BC02E02001F3AA4 /* Views */ = {
			isa = PBXGroup;
			children = (
				56F48BBD2BC02E82001F3AA4 /* AppButton.swift */,
				56933DFA2BBAFBD90068C894 /* AppToggle.swift */,
				560F0C242BD036F900067054 /* AppTextField.swift */,
				56E2D91F2BCED460006E725D /* AppCheckbox.swift */,
				563529F52BB077AB0027C910 /* CardContainer.swift */,
				56933E002BBBFDD90068C894 /* CirclesLoader.swift */,
				568B4FD02BB6D88F001C9C74 /* Divider.swift */,
				56DAA3042BB72E35002CF710 /* InfoAlert.swift */,
			);
			path = Views;
			sourceTree = "<group>";
		};
		CE778B5B2BA9976C00B26485 /* Fonts */ = {
			isa = PBXGroup;
			children = (
				561C3C2D2BADC10300FBB3B9 /* Inter */,
			);
			path = Fonts;
			sourceTree = "<group>";
		};
		CE778B6F2BA9A73700B26485 /* Extensions */ = {
			isa = PBXGroup;
			children = (
				56AC033F2BB06A2D00A34A00 /* Image+Icon.swift */,
				56474AD92BB9ED6E0017AA25 /* AnyTransition+Backslide.swift */,
				561C3C422BAEE2D600FBB3B9 /* String+Error.swift */,
				56DAA30A2BB8B977002CF710 /* View+DynamicSheet.swift */,
				561C3C2A2BADBF1000FBB3B9 /* View+Typography.swift */,
				563529EA2BB072FD0027C910 /* UINavigationController+HiddenNavBar.swift */,
			);
			path = Extensions;
			sourceTree = "<group>";
		};
		CE778B772BA9C9FC00B26485 /* ViewModels */ = {
			isa = PBXGroup;
			children = (
				CE778B782BA9CA0A00B26485 /* AppView+ViewModel.swift */,
			);
			path = ViewModels;
			sourceTree = "<group>";
		};
		CE778B7A2BA9D28A00B26485 /* Main */ = {
			isa = PBXGroup;
			children = (
				560F0C2D2BD135CA00067054 /* ViewModels */,
				CE778B7B2BA9D30100B26485 /* Views */,
			);
			path = Main;
			sourceTree = "<group>";
		};
		CE778B7B2BA9D30100B26485 /* Views */ = {
			isa = PBXGroup;
			children = (
				CE32CF4E2BAC97A800E507B6 /* MainView.swift */,
				560F0C2B2BD133A000067054 /* MainViewLayout.swift */,
				563529F02BB0736A0027C910 /* TabBarView.swift */,
			);
			path = Views;
			sourceTree = "<group>";
		};
		CE9E82A92BA881F400AAF885 = {
			isa = PBXGroup;
			children = (
				CE9E82B42BA881F400AAF885 /* Rarime */,
				CE9E82B32BA881F400AAF885 /* Products */,
				560F0C1B2BD0234300067054 /* Frameworks */,
			);
			sourceTree = "<group>";
		};
		CE9E82B32BA881F400AAF885 /* Products */ = {
			isa = PBXGroup;
			children = (
				CE9E82B22BA881F400AAF885 /* Rarime.app */,
			);
			name = Products;
			sourceTree = "<group>";
		};
		CE9E82B42BA881F400AAF885 /* Rarime */ = {
			isa = PBXGroup;
			children = (
				56A6C75D2BBC2FE900992562 /* Rarime.entitlements */,
				CE9E82E62BA89CE300AAF885 /* Info.plist */,
				CE9E82C62BA8851B00AAF885 /* Code */,
				CE9E82C42BA8850800AAF885 /* Resources */,
				CE9E82C32BA884B900AAF885 /* SupportingFiles */,
			);
			path = Rarime;
			sourceTree = "<group>";
		};
		CE9E82C32BA884B900AAF885 /* SupportingFiles */ = {
			isa = PBXGroup;
			children = (
				CE9E82DF2BA8972800AAF885 /* Configs */,
			);
			path = SupportingFiles;
			sourceTree = "<group>";
		};
		CE9E82C42BA8850800AAF885 /* Resources */ = {
			isa = PBXGroup;
			children = (
				56A6C7522BBC18F100992562 /* Animations */,
				CE778B5B2BA9976C00B26485 /* Fonts */,
				56A6C7652BBC340300992562 /* NFC */,
				CE9E82B92BA881F500AAF885 /* Assets.xcassets */,
				568B4FDF2BB70852001C9C74 /* Localizable.xcstrings */,
			);
			path = Resources;
			sourceTree = "<group>";
		};
		CE9E82C62BA8851B00AAF885 /* Code */ = {
			isa = PBXGroup;
			children = (
				CE9E82B52BA881F400AAF885 /* RarimeApp.swift */,
				561C3C262BADA89000FBB3B9 /* Enums */,
				CE778B6F2BA9A73700B26485 /* Extensions */,
				CE9E82C72BA8852700AAF885 /* Modules */,
				56F48BBB2BC02DD0001F3AA4 /* UI */,
				56474AD42BB985E00017AA25 /* Utilities */,
			);
			path = Code;
			sourceTree = "<group>";
		};
		CE9E82C72BA8852700AAF885 /* Modules */ = {
			isa = PBXGroup;
			children = (
				CE9E82C82BA8853900AAF885 /* App */,
				CE9E82D12BA888F300AAF885 /* Common */,
				563529EC2BB073180027C910 /* Credentials */,
				563529DA2BB0714A0027C910 /* Home */,
				568B4FC92BB6C156001C9C74 /* Intro */,
				CE778B7A2BA9D28A00B26485 /* Main */,
				563529DC2BB0717D0027C910 /* Rewards */,
				56933DEB2BBAB0660068C894 /* ScanPassport */,
				56DAA30C2BB8C38D002CF710 /* Security */,
				563529E02BB071930027C910 /* Profile */,
				563529DB2BB071570027C910 /* Wallet */,
			);
			path = Modules;
			sourceTree = "<group>";
		};
		CE9E82C82BA8853900AAF885 /* App */ = {
			isa = PBXGroup;
			children = (
				CE778B772BA9C9FC00B26485 /* ViewModels */,
				CE9E82C92BA8854E00AAF885 /* Views */,
			);
			path = App;
			sourceTree = "<group>";
		};
		CE9E82C92BA8854E00AAF885 /* Views */ = {
			isa = PBXGroup;
			children = (
				CE9E82B72BA881F400AAF885 /* AppView.swift */,
			);
			path = Views;
			sourceTree = "<group>";
		};
		CE9E82D12BA888F300AAF885 /* Common */ = {
			isa = PBXGroup;
			children = (
				CE9E82E72BA89D9600AAF885 /* Models */,
				CE9E82D52BA8915C00AAF885 /* Views */,
			);
			path = Common;
			sourceTree = "<group>";
		};
		CE9E82D52BA8915C00AAF885 /* Views */ = {
			isa = PBXGroup;
			children = (
				CE9E82D62BA8917100AAF885 /* LottieView.swift */,
				560F0C262BD1146C00067054 /* ScanQRView.swift */,
				56E2D9162BCE938F006E725D /* ActionCard.swift */,
				56E2D92C2BD0196B006E725D /* QRCodeView.swift */,
				56DAA3142BB8CC95002CF710 /* PasscodeFieldView.swift */,
				56933E022BBBFDFE0068C894 /* ProcessingChipView.swift */,
				56933E042BBC00D60068C894 /* RewardChipView.swift */,
				56E2D9212BCFBA0B006E725D /* PassportImageView.swift */,
			);
			path = Views;
			sourceTree = "<group>";
		};
		CE9E82DF2BA8972800AAF885 /* Configs */ = {
			isa = PBXGroup;
			children = (
				CE9E82E02BA8974C00AAF885 /* Development.xcconfig */,
				CE9E82E22BA8975F00AAF885 /* Production.xcconfig */,
			);
			path = Configs;
			sourceTree = "<group>";
		};
		CE9E82E72BA89D9600AAF885 /* Models */ = {
			isa = PBXGroup;
			children = (
				CE9E82E82BA89DBE00AAF885 /* Config.swift */,
			);
			path = Models;
			sourceTree = "<group>";
		};
/* End PBXGroup section */

/* Begin PBXNativeTarget section */
		CE9E82B12BA881F400AAF885 /* Rarime */ = {
			isa = PBXNativeTarget;
			buildConfigurationList = CE9E82C02BA881F500AAF885 /* Build configuration list for PBXNativeTarget "Rarime" */;
			buildPhases = (
				CE9E82AE2BA881F400AAF885 /* Sources */,
				CE9E82AF2BA881F400AAF885 /* Frameworks */,
				CE9E82B02BA881F400AAF885 /* Resources */,
			);
			buildRules = (
			);
			dependencies = (
			);
			name = Rarime;
			packageProductDependencies = (
				CE32CF512BAC981300E507B6 /* Lottie */,
				56933E072BBC09990068C894 /* QKMRZScanner */,
				56E2D9312BD01E71006E725D /* NFCPassportReader */,
				560F0C1C2BD0234300067054 /* QRCode */,
				560F0C292BD114EE00067054 /* CodeScanner */,
			);
			productName = Rarime;
			productReference = CE9E82B22BA881F400AAF885 /* Rarime.app */;
			productType = "com.apple.product-type.application";
		};
/* End PBXNativeTarget section */

/* Begin PBXProject section */
		CE9E82AA2BA881F400AAF885 /* Project object */ = {
			isa = PBXProject;
			attributes = {
				BuildIndependentTargetsInParallel = 1;
				LastSwiftUpdateCheck = 1500;
				LastUpgradeCheck = 1520;
				TargetAttributes = {
					CE9E82B12BA881F400AAF885 = {
						CreatedOnToolsVersion = 15.0.1;
					};
				};
			};
			buildConfigurationList = CE9E82AD2BA881F400AAF885 /* Build configuration list for PBXProject "Rarime" */;
			compatibilityVersion = "Xcode 14.0";
			developmentRegion = en;
			hasScannedForEncodings = 0;
			knownRegions = (
				en,
				Base,
			);
			mainGroup = CE9E82A92BA881F400AAF885;
			packageReferences = (
				CE32CF502BAC981300E507B6 /* XCRemoteSwiftPackageReference "lottie-spm" */,
				56933E062BBC09990068C894 /* XCRemoteSwiftPackageReference "QKMRZScanner" */,
				56E2D92F2BD01C77006E725D /* XCRemoteSwiftPackageReference "qrcode" */,
				56E2D9302BD01E71006E725D /* XCRemoteSwiftPackageReference "NFCPassportReader" */,
				560F0C282BD114EE00067054 /* XCRemoteSwiftPackageReference "CodeScanner" */,
			);
			productRefGroup = CE9E82B32BA881F400AAF885 /* Products */;
			projectDirPath = "";
			projectRoot = "";
			targets = (
				CE9E82B12BA881F400AAF885 /* Rarime */,
			);
		};
/* End PBXProject section */

/* Begin PBXResourcesBuildPhase section */
		CE9E82B02BA881F400AAF885 /* Resources */ = {
			isa = PBXResourcesBuildPhase;
			buildActionMask = 2147483647;
			files = (
				CE9E82BA2BA881F500AAF885 /* Assets.xcassets in Resources */,
				561C3C3E2BADF0AA00FBB3B9 /* Inter-Regular.ttf in Resources */,
				568B4FE02BB70852001C9C74 /* Localizable.xcstrings in Resources */,
				561C3C412BADF0AA00FBB3B9 /* Inter-Medium.ttf in Resources */,
				561C3C3F2BADF0AA00FBB3B9 /* Inter-Bold.ttf in Resources */,
				561C3C402BADF0AA00FBB3B9 /* Inter-SemiBold.ttf in Resources */,
				56A6C7672BBC342A00992562 /* masterList.pem in Resources */,
				56A6C7542BBC192800992562 /* Passport.json in Resources */,
			);
			runOnlyForDeploymentPostprocessing = 0;
		};
/* End PBXResourcesBuildPhase section */

/* Begin PBXSourcesBuildPhase section */
		CE9E82AE2BA881F400AAF885 /* Sources */ = {
			isa = PBXSourcesBuildPhase;
			buildActionMask = 2147483647;
			files = (
				56933DF72BBAC7D10068C894 /* SelectPassportDataView.swift in Sources */,
				CE32CF4F2BAC97A800E507B6 /* MainView.swift in Sources */,
				56AC03402BB06A2D00A34A00 /* Image+Icon.swift in Sources */,
				56A6C75F2BBC309A00992562 /* NFCScanner.swift in Sources */,
				CE9E82B82BA881F400AAF885 /* AppView.swift in Sources */,
				561C3C432BAEE2D600FBB3B9 /* String+Error.swift in Sources */,
				56DAA30B2BB8B977002CF710 /* View+DynamicSheet.swift in Sources */,
				56933DFF2BBBFDA30068C894 /* ProcessingStatus.swift in Sources */,
				56E2D9172BCE938F006E725D /* ActionCard.swift in Sources */,
				563529EF2BB0732C0027C910 /* CredentialsView.swift in Sources */,
				56E2D91B2BCEA66A006E725D /* PassportCard.swift in Sources */,
				56E2D9192BCE94CA006E725D /* RarimeInfoView.swift in Sources */,
				56CC01E52BCD81AA008CEBE0 /* AirdropIntroView.swift in Sources */,
				560F0C232BD02DFD00067054 /* WalletSendView.swift in Sources */,
				56F48BBE2BC02E82001F3AA4 /* AppButton.swift in Sources */,
				56E2D9222BCFBA0B006E725D /* PassportImageView.swift in Sources */,
				56E2D91E2BCEC90B006E725D /* HomeView+ViewModel.swift in Sources */,
				56DAA3152BB8CC95002CF710 /* PasscodeFieldView.swift in Sources */,
				560F0C2C2BD133A000067054 /* MainViewLayout.swift in Sources */,
				568B4FE52BB70CAA001C9C74 /* IntroStep.swift in Sources */,
				CE9E82E92BA89DBE00AAF885 /* Config.swift in Sources */,
				563529E92BB072B80027C910 /* HomeView.swift in Sources */,
				56722F202BCD62BB00300AD0 /* ProfileView.swift in Sources */,
				CE9E82B62BA881F400AAF885 /* RarimeApp.swift in Sources */,
				560F0C212BD027FB00067054 /* WalletRouteLayout.swift in Sources */,
				56933E052BBC00D60068C894 /* RewardChipView.swift in Sources */,
				561C3C392BADE64B00FBB3B9 /* Fonts.swift in Sources */,
				56DAA3072BB77550002CF710 /* IdentityStepLayoutView.swift in Sources */,
				56474ADA2BB9ED6E0017AA25 /* AnyTransition+Backslide.swift in Sources */,
				56DAA30F2BB8C3CB002CF710 /* EnablePasscodeView.swift in Sources */,
				56DAA3052BB72E35002CF710 /* InfoAlert.swift in Sources */,
				563529E52BB072060027C910 /* RewardsView.swift in Sources */,
				56933E012BBBFDD90068C894 /* CirclesLoader.swift in Sources */,
				CE9E82D72BA8917100AAF885 /* LottieView.swift in Sources */,
				561C3C282BADA8A600FBB3B9 /* Icons.swift in Sources */,
				561C3C2B2BADBF1000FBB3B9 /* View+Typography.swift in Sources */,
				56933DED2BBAB0AB0068C894 /* PassportIntroView.swift in Sources */,
				560F0C322BD1576100067054 /* WalletViewModel.swift in Sources */,
				561C3C2B2BADBF1000FBB3B9 /* View+Typography.swift in Sources */,
				568B4FCC2BB6C164001C9C74 /* IntroView.swift in Sources */,
				560F0C1F2BD027EA00067054 /* WalletReceiveView.swift in Sources */,
				56A6C76E2BBD474200992562 /* DateUtil.swift in Sources */,
				56A6C7562BBC194800992562 /* Animations.swift in Sources */,
				56DAA3012BB723A1002CF710 /* NewIdentityView.swift in Sources */,
				563529EB2BB072FD0027C910 /* UINavigationController+HiddenNavBar.swift in Sources */,
				56DAA3132BB8CA4F002CF710 /* EnableFaceIdView.swift in Sources */,
				56E2D92D2BD0196B006E725D /* QRCodeView.swift in Sources */,
				568B4FCE2BB6C274001C9C74 /* IntroStepView.swift in Sources */,
				568B4FD12BB6D88F001C9C74 /* Divider.swift in Sources */,
				56DAA3112BB8C97D002CF710 /* EnableLayoutView.swift in Sources */,
				56E2D9202BCED460006E725D /* AppCheckbox.swift in Sources */,
				568B4FE22BB70BEA001C9C74 /* GetStartedView.swift in Sources */,
				56474AD82BB986A40017AA25 /* FeedbackGenerator.swift in Sources */,
				56474AD62BB9860E0017AA25 /* FaceIdAuth.swift in Sources */,
				56933DF12BBAC1B10068C894 /* ScanPassportLayoutView.swift in Sources */,
				560F0C272BD1146C00067054 /* ScanQRView.swift in Sources */,
				56933DFB2BBAFBD90068C894 /* AppToggle.swift in Sources */,
				56E2D9152BCE7FC4006E725D /* HomeIntroLayoutView.swift in Sources */,
				56933DEF2BBABD100068C894 /* ScanPassportView.swift in Sources */,
				CE778B792BA9CA0A00B26485 /* AppView+ViewModel.swift in Sources */,
				567AEC9B2BBD9B8100A20E83 /* Passport.swift in Sources */,
				56933E032BBBFDFE0068C894 /* ProcessingChipView.swift in Sources */,
				563529F12BB0736A0027C910 /* TabBarView.swift in Sources */,
				56A6C76A2BBC57B700992562 /* PassportViewModel.swift in Sources */,
				56933E0E2BBC09F10068C894 /* MRZScannerView.swift in Sources */,
				56933DF52BBAC42E0068C894 /* ReadPassportNFCView.swift in Sources */,
				560F0C2F2BD135D400067054 /* MainView+ViewModel.swift in Sources */,
				56933DF32BBAC2940068C894 /* ScanPassportMRZView.swift in Sources */,
				56A6C75C2BBC2CD500992562 /* PassportUtils.swift in Sources */,
				563529F62BB077AB0027C910 /* CardContainer.swift in Sources */,
				560F0C252BD036F900067054 /* AppTextField.swift in Sources */,
				56933E0C2BBC09D20068C894 /* MRZViewModel.swift in Sources */,
				563529E72BB072870027C910 /* WalletView.swift in Sources */,
				56933DFD2BBAFDD00068C894 /* PassportProofView.swift in Sources */,
			);
			runOnlyForDeploymentPostprocessing = 0;
		};
/* End PBXSourcesBuildPhase section */

/* Begin XCBuildConfiguration section */
		CE9E82BE2BA881F500AAF885 /* Debug (Development) */ = {
			isa = XCBuildConfiguration;
			baseConfigurationReference = CE9E82E02BA8974C00AAF885 /* Development.xcconfig */;
			buildSettings = {
				ALWAYS_SEARCH_USER_PATHS = NO;
				ASSETCATALOG_COMPILER_GENERATE_SWIFT_ASSET_SYMBOL_EXTENSIONS = YES;
				CLANG_ANALYZER_LOCALIZABILITY_NONLOCALIZED = YES;
				CLANG_ANALYZER_NONNULL = YES;
				CLANG_ANALYZER_NUMBER_OBJECT_CONVERSION = YES_AGGRESSIVE;
				CLANG_CXX_LANGUAGE_STANDARD = "gnu++20";
				CLANG_ENABLE_MODULES = YES;
				CLANG_ENABLE_OBJC_ARC = YES;
				CLANG_ENABLE_OBJC_WEAK = YES;
				CLANG_WARN_BLOCK_CAPTURE_AUTORELEASING = YES;
				CLANG_WARN_BOOL_CONVERSION = YES;
				CLANG_WARN_COMMA = YES;
				CLANG_WARN_CONSTANT_CONVERSION = YES;
				CLANG_WARN_DEPRECATED_OBJC_IMPLEMENTATIONS = YES;
				CLANG_WARN_DIRECT_OBJC_ISA_USAGE = YES_ERROR;
				CLANG_WARN_DOCUMENTATION_COMMENTS = YES;
				CLANG_WARN_EMPTY_BODY = YES;
				CLANG_WARN_ENUM_CONVERSION = YES;
				CLANG_WARN_INFINITE_RECURSION = YES;
				CLANG_WARN_INT_CONVERSION = YES;
				CLANG_WARN_NON_LITERAL_NULL_CONVERSION = YES;
				CLANG_WARN_OBJC_IMPLICIT_RETAIN_SELF = YES;
				CLANG_WARN_OBJC_LITERAL_CONVERSION = YES;
				CLANG_WARN_OBJC_ROOT_CLASS = YES_ERROR;
				CLANG_WARN_QUOTED_INCLUDE_IN_FRAMEWORK_HEADER = YES;
				CLANG_WARN_RANGE_LOOP_ANALYSIS = YES;
				CLANG_WARN_STRICT_PROTOTYPES = YES;
				CLANG_WARN_SUSPICIOUS_MOVE = YES;
				CLANG_WARN_UNGUARDED_AVAILABILITY = YES_AGGRESSIVE;
				CLANG_WARN_UNREACHABLE_CODE = YES;
				CLANG_WARN__DUPLICATE_METHOD_MATCH = YES;
				COPY_PHASE_STRIP = NO;
				DEBUG_INFORMATION_FORMAT = dwarf;
				ENABLE_STRICT_OBJC_MSGSEND = YES;
				ENABLE_TESTABILITY = YES;
				ENABLE_USER_SCRIPT_SANDBOXING = YES;
				GCC_C_LANGUAGE_STANDARD = gnu17;
				GCC_DYNAMIC_NO_PIC = NO;
				GCC_NO_COMMON_BLOCKS = YES;
				GCC_OPTIMIZATION_LEVEL = 0;
				GCC_PREPROCESSOR_DEFINITIONS = (
					"DEBUG=1",
					"$(inherited)",
				);
				GCC_WARN_64_TO_32_BIT_CONVERSION = YES;
				GCC_WARN_ABOUT_RETURN_TYPE = YES_ERROR;
				GCC_WARN_UNDECLARED_SELECTOR = YES;
				GCC_WARN_UNINITIALIZED_AUTOS = YES_AGGRESSIVE;
				GCC_WARN_UNUSED_FUNCTION = YES;
				GCC_WARN_UNUSED_VARIABLE = YES;
				INFOPLIST_KEY_UIUserInterfaceStyle = Automatic;
				IPHONEOS_DEPLOYMENT_TARGET = 17.0;
				LOCALIZATION_PREFERS_STRING_CATALOGS = YES;
				MTL_ENABLE_DEBUG_INFO = INCLUDE_SOURCE;
				MTL_FAST_MATH = YES;
				ONLY_ACTIVE_ARCH = YES;
				SDKROOT = iphoneos;
				SWIFT_ACTIVE_COMPILATION_CONDITIONS = "DEBUG $(inherited)";
				SWIFT_OPTIMIZATION_LEVEL = "-Onone";
			};
			name = "Debug (Development)";
		};
		CE9E82BF2BA881F500AAF885 /* Release (Development) */ = {
			isa = XCBuildConfiguration;
			baseConfigurationReference = CE9E82E02BA8974C00AAF885 /* Development.xcconfig */;
			buildSettings = {
				ALWAYS_SEARCH_USER_PATHS = NO;
				ASSETCATALOG_COMPILER_GENERATE_SWIFT_ASSET_SYMBOL_EXTENSIONS = YES;
				CLANG_ANALYZER_LOCALIZABILITY_NONLOCALIZED = YES;
				CLANG_ANALYZER_NONNULL = YES;
				CLANG_ANALYZER_NUMBER_OBJECT_CONVERSION = YES_AGGRESSIVE;
				CLANG_CXX_LANGUAGE_STANDARD = "gnu++20";
				CLANG_ENABLE_MODULES = YES;
				CLANG_ENABLE_OBJC_ARC = YES;
				CLANG_ENABLE_OBJC_WEAK = YES;
				CLANG_WARN_BLOCK_CAPTURE_AUTORELEASING = YES;
				CLANG_WARN_BOOL_CONVERSION = YES;
				CLANG_WARN_COMMA = YES;
				CLANG_WARN_CONSTANT_CONVERSION = YES;
				CLANG_WARN_DEPRECATED_OBJC_IMPLEMENTATIONS = YES;
				CLANG_WARN_DIRECT_OBJC_ISA_USAGE = YES_ERROR;
				CLANG_WARN_DOCUMENTATION_COMMENTS = YES;
				CLANG_WARN_EMPTY_BODY = YES;
				CLANG_WARN_ENUM_CONVERSION = YES;
				CLANG_WARN_INFINITE_RECURSION = YES;
				CLANG_WARN_INT_CONVERSION = YES;
				CLANG_WARN_NON_LITERAL_NULL_CONVERSION = YES;
				CLANG_WARN_OBJC_IMPLICIT_RETAIN_SELF = YES;
				CLANG_WARN_OBJC_LITERAL_CONVERSION = YES;
				CLANG_WARN_OBJC_ROOT_CLASS = YES_ERROR;
				CLANG_WARN_QUOTED_INCLUDE_IN_FRAMEWORK_HEADER = YES;
				CLANG_WARN_RANGE_LOOP_ANALYSIS = YES;
				CLANG_WARN_STRICT_PROTOTYPES = YES;
				CLANG_WARN_SUSPICIOUS_MOVE = YES;
				CLANG_WARN_UNGUARDED_AVAILABILITY = YES_AGGRESSIVE;
				CLANG_WARN_UNREACHABLE_CODE = YES;
				CLANG_WARN__DUPLICATE_METHOD_MATCH = YES;
				COPY_PHASE_STRIP = NO;
				DEBUG_INFORMATION_FORMAT = "dwarf-with-dsym";
				ENABLE_NS_ASSERTIONS = NO;
				ENABLE_STRICT_OBJC_MSGSEND = YES;
				ENABLE_TESTABILITY = YES;
				ENABLE_USER_SCRIPT_SANDBOXING = YES;
				GCC_C_LANGUAGE_STANDARD = gnu17;
				GCC_NO_COMMON_BLOCKS = YES;
				GCC_WARN_64_TO_32_BIT_CONVERSION = YES;
				GCC_WARN_ABOUT_RETURN_TYPE = YES_ERROR;
				GCC_WARN_UNDECLARED_SELECTOR = YES;
				GCC_WARN_UNINITIALIZED_AUTOS = YES_AGGRESSIVE;
				GCC_WARN_UNUSED_FUNCTION = YES;
				GCC_WARN_UNUSED_VARIABLE = YES;
				INFOPLIST_KEY_UIUserInterfaceStyle = Automatic;
				IPHONEOS_DEPLOYMENT_TARGET = 17.0;
				LOCALIZATION_PREFERS_STRING_CATALOGS = YES;
				MTL_ENABLE_DEBUG_INFO = NO;
				MTL_FAST_MATH = YES;
				ONLY_ACTIVE_ARCH = YES;
				SDKROOT = iphoneos;
				SWIFT_COMPILATION_MODE = wholemodule;
				VALIDATE_PRODUCT = YES;
			};
			name = "Release (Development)";
		};
		CE9E82C12BA881F500AAF885 /* Debug (Development) */ = {
			isa = XCBuildConfiguration;
			baseConfigurationReference = CE9E82E02BA8974C00AAF885 /* Development.xcconfig */;
			buildSettings = {
				ASSETCATALOG_COMPILER_APPICON_NAME = AppIcon;
				ASSETCATALOG_COMPILER_GLOBAL_ACCENT_COLOR_NAME = AccentColor;
				CODE_SIGN_ENTITLEMENTS = Rarime/Rarime.entitlements;
				CODE_SIGN_STYLE = Automatic;
				CURRENT_PROJECT_VERSION = 1;
				DEVELOPMENT_TEAM = T7CLECN442;
				ENABLE_PREVIEWS = YES;
				GENERATE_INFOPLIST_FILE = YES;
				INFOPLIST_FILE = Info.plist;
				INFOPLIST_KEY_CFBundleDisplayName = Rarime;
				INFOPLIST_KEY_LSApplicationCategoryType = "public.app-category.productivity";
				INFOPLIST_KEY_NFCReaderUsageDescription = "You need to authenticate on your phone to unlock the app";
				INFOPLIST_KEY_NSCameraUsageDescription = "Passport Machine Readable Zone Reading";
				INFOPLIST_KEY_UIApplicationSceneManifest_Generation = YES;
				INFOPLIST_KEY_UIApplicationSupportsIndirectInputEvents = YES;
				INFOPLIST_KEY_UILaunchScreen_Generation = YES;
				INFOPLIST_KEY_UISupportedInterfaceOrientations = UIInterfaceOrientationPortrait;
				INFOPLIST_KEY_UISupportedInterfaceOrientations_iPad = "UIInterfaceOrientationLandscapeLeft UIInterfaceOrientationLandscapeRight UIInterfaceOrientationPortrait UIInterfaceOrientationPortraitUpsideDown";
				IPHONEOS_DEPLOYMENT_TARGET = 16.0;
				LD_RUNPATH_SEARCH_PATHS = (
					"$(inherited)",
					"@executable_path/Frameworks",
				);
				MARKETING_VERSION = 1.0;
				PRODUCT_BUNDLE_IDENTIFIER = DistributedLab.Rarime;
				PRODUCT_NAME = "$(TARGET_NAME)";
				SUPPORTED_PLATFORMS = "iphoneos iphonesimulator";
				SUPPORTS_MACCATALYST = NO;
				SUPPORTS_MAC_DESIGNED_FOR_IPHONE_IPAD = NO;
				SUPPORTS_XR_DESIGNED_FOR_IPHONE_IPAD = NO;
				SWIFT_ACTIVE_COMPILATION_CONDITIONS = DEVELOPMENT;
				SWIFT_EMIT_LOC_STRINGS = YES;
				SWIFT_VERSION = 5.0;
				TARGETED_DEVICE_FAMILY = 1;
			};
			name = "Debug (Development)";
		};
		CE9E82C22BA881F500AAF885 /* Release (Development) */ = {
			isa = XCBuildConfiguration;
			baseConfigurationReference = CE9E82E02BA8974C00AAF885 /* Development.xcconfig */;
			buildSettings = {
				ASSETCATALOG_COMPILER_APPICON_NAME = AppIcon;
				ASSETCATALOG_COMPILER_GLOBAL_ACCENT_COLOR_NAME = AccentColor;
				CODE_SIGN_ENTITLEMENTS = Rarime/Rarime.entitlements;
				CODE_SIGN_STYLE = Automatic;
				CURRENT_PROJECT_VERSION = 1;
				DEVELOPMENT_TEAM = T7CLECN442;
				ENABLE_PREVIEWS = YES;
				GENERATE_INFOPLIST_FILE = YES;
				INFOPLIST_FILE = Info.plist;
				INFOPLIST_KEY_CFBundleDisplayName = Rarime;
				INFOPLIST_KEY_LSApplicationCategoryType = "public.app-category.productivity";
				INFOPLIST_KEY_NFCReaderUsageDescription = "You need to authenticate on your phone to unlock the app";
				INFOPLIST_KEY_NSCameraUsageDescription = "Passport Machine Readable Zone Reading";
				INFOPLIST_KEY_UIApplicationSceneManifest_Generation = YES;
				INFOPLIST_KEY_UIApplicationSupportsIndirectInputEvents = YES;
				INFOPLIST_KEY_UILaunchScreen_Generation = YES;
				INFOPLIST_KEY_UISupportedInterfaceOrientations = UIInterfaceOrientationPortrait;
				INFOPLIST_KEY_UISupportedInterfaceOrientations_iPad = "UIInterfaceOrientationLandscapeLeft UIInterfaceOrientationLandscapeRight UIInterfaceOrientationPortrait UIInterfaceOrientationPortraitUpsideDown";
				IPHONEOS_DEPLOYMENT_TARGET = 16.0;
				LD_RUNPATH_SEARCH_PATHS = (
					"$(inherited)",
					"@executable_path/Frameworks",
				);
				MARKETING_VERSION = 1.0;
				PRODUCT_BUNDLE_IDENTIFIER = DistributedLab.Rarime;
				PRODUCT_NAME = "$(TARGET_NAME)";
				SUPPORTED_PLATFORMS = "iphoneos iphonesimulator";
				SUPPORTS_MACCATALYST = NO;
				SUPPORTS_MAC_DESIGNED_FOR_IPHONE_IPAD = NO;
				SUPPORTS_XR_DESIGNED_FOR_IPHONE_IPAD = NO;
				SWIFT_ACTIVE_COMPILATION_CONDITIONS = DEVELOPMENT;
				SWIFT_EMIT_LOC_STRINGS = YES;
				SWIFT_VERSION = 5.0;
				TARGETED_DEVICE_FAMILY = 1;
			};
			name = "Release (Development)";
		};
		CE9E82DB2BA895C300AAF885 /* Debug (Production) */ = {
			isa = XCBuildConfiguration;
			baseConfigurationReference = CE9E82E22BA8975F00AAF885 /* Production.xcconfig */;
			buildSettings = {
				ALWAYS_SEARCH_USER_PATHS = NO;
				ASSETCATALOG_COMPILER_GENERATE_SWIFT_ASSET_SYMBOL_EXTENSIONS = YES;
				CLANG_ANALYZER_LOCALIZABILITY_NONLOCALIZED = YES;
				CLANG_ANALYZER_NONNULL = YES;
				CLANG_ANALYZER_NUMBER_OBJECT_CONVERSION = YES_AGGRESSIVE;
				CLANG_CXX_LANGUAGE_STANDARD = "gnu++20";
				CLANG_ENABLE_MODULES = YES;
				CLANG_ENABLE_OBJC_ARC = YES;
				CLANG_ENABLE_OBJC_WEAK = YES;
				CLANG_WARN_BLOCK_CAPTURE_AUTORELEASING = YES;
				CLANG_WARN_BOOL_CONVERSION = YES;
				CLANG_WARN_COMMA = YES;
				CLANG_WARN_CONSTANT_CONVERSION = YES;
				CLANG_WARN_DEPRECATED_OBJC_IMPLEMENTATIONS = YES;
				CLANG_WARN_DIRECT_OBJC_ISA_USAGE = YES_ERROR;
				CLANG_WARN_DOCUMENTATION_COMMENTS = YES;
				CLANG_WARN_EMPTY_BODY = YES;
				CLANG_WARN_ENUM_CONVERSION = YES;
				CLANG_WARN_INFINITE_RECURSION = YES;
				CLANG_WARN_INT_CONVERSION = YES;
				CLANG_WARN_NON_LITERAL_NULL_CONVERSION = YES;
				CLANG_WARN_OBJC_IMPLICIT_RETAIN_SELF = YES;
				CLANG_WARN_OBJC_LITERAL_CONVERSION = YES;
				CLANG_WARN_OBJC_ROOT_CLASS = YES_ERROR;
				CLANG_WARN_QUOTED_INCLUDE_IN_FRAMEWORK_HEADER = YES;
				CLANG_WARN_RANGE_LOOP_ANALYSIS = YES;
				CLANG_WARN_STRICT_PROTOTYPES = YES;
				CLANG_WARN_SUSPICIOUS_MOVE = YES;
				CLANG_WARN_UNGUARDED_AVAILABILITY = YES_AGGRESSIVE;
				CLANG_WARN_UNREACHABLE_CODE = YES;
				CLANG_WARN__DUPLICATE_METHOD_MATCH = YES;
				COPY_PHASE_STRIP = NO;
				DEBUG_INFORMATION_FORMAT = dwarf;
				ENABLE_STRICT_OBJC_MSGSEND = YES;
				ENABLE_TESTABILITY = YES;
				ENABLE_USER_SCRIPT_SANDBOXING = YES;
				GCC_C_LANGUAGE_STANDARD = gnu17;
				GCC_DYNAMIC_NO_PIC = NO;
				GCC_NO_COMMON_BLOCKS = YES;
				GCC_OPTIMIZATION_LEVEL = 0;
				GCC_PREPROCESSOR_DEFINITIONS = (
					"DEBUG=1",
					"$(inherited)",
				);
				GCC_WARN_64_TO_32_BIT_CONVERSION = YES;
				GCC_WARN_ABOUT_RETURN_TYPE = YES_ERROR;
				GCC_WARN_UNDECLARED_SELECTOR = YES;
				GCC_WARN_UNINITIALIZED_AUTOS = YES_AGGRESSIVE;
				GCC_WARN_UNUSED_FUNCTION = YES;
				GCC_WARN_UNUSED_VARIABLE = YES;
				INFOPLIST_KEY_UIUserInterfaceStyle = Automatic;
				IPHONEOS_DEPLOYMENT_TARGET = 17.0;
				LOCALIZATION_PREFERS_STRING_CATALOGS = YES;
				MTL_ENABLE_DEBUG_INFO = INCLUDE_SOURCE;
				MTL_FAST_MATH = YES;
				ONLY_ACTIVE_ARCH = YES;
				SDKROOT = iphoneos;
				SWIFT_ACTIVE_COMPILATION_CONDITIONS = "DEBUG $(inherited)";
				SWIFT_OPTIMIZATION_LEVEL = "-Onone";
			};
			name = "Debug (Production)";
		};
		CE9E82DC2BA895C300AAF885 /* Debug (Production) */ = {
			isa = XCBuildConfiguration;
			baseConfigurationReference = CE9E82E22BA8975F00AAF885 /* Production.xcconfig */;
			buildSettings = {
				ASSETCATALOG_COMPILER_APPICON_NAME = AppIcon;
				ASSETCATALOG_COMPILER_GLOBAL_ACCENT_COLOR_NAME = AccentColor;
				CODE_SIGN_ENTITLEMENTS = Rarime/Rarime.entitlements;
				CODE_SIGN_STYLE = Automatic;
				CURRENT_PROJECT_VERSION = 1;
				DEVELOPMENT_TEAM = T7CLECN442;
				ENABLE_PREVIEWS = YES;
				GENERATE_INFOPLIST_FILE = YES;
				INFOPLIST_FILE = Info.plist;
				INFOPLIST_KEY_CFBundleDisplayName = Rarime;
				INFOPLIST_KEY_LSApplicationCategoryType = "public.app-category.productivity";
				INFOPLIST_KEY_NFCReaderUsageDescription = "You need to authenticate on your phone to unlock the app";
				INFOPLIST_KEY_NSCameraUsageDescription = "Passport Machine Readable Zone Reading";
				INFOPLIST_KEY_UIApplicationSceneManifest_Generation = YES;
				INFOPLIST_KEY_UIApplicationSupportsIndirectInputEvents = YES;
				INFOPLIST_KEY_UILaunchScreen_Generation = YES;
				INFOPLIST_KEY_UISupportedInterfaceOrientations = UIInterfaceOrientationPortrait;
				INFOPLIST_KEY_UISupportedInterfaceOrientations_iPad = "UIInterfaceOrientationLandscapeLeft UIInterfaceOrientationLandscapeRight UIInterfaceOrientationPortrait UIInterfaceOrientationPortraitUpsideDown";
				IPHONEOS_DEPLOYMENT_TARGET = 16.0;
				LD_RUNPATH_SEARCH_PATHS = (
					"$(inherited)",
					"@executable_path/Frameworks",
				);
				MARKETING_VERSION = 1.0;
				PRODUCT_BUNDLE_IDENTIFIER = DistributedLab.Rarime;
				PRODUCT_NAME = "$(TARGET_NAME)";
				SUPPORTED_PLATFORMS = "iphoneos iphonesimulator";
				SUPPORTS_MACCATALYST = NO;
				SUPPORTS_MAC_DESIGNED_FOR_IPHONE_IPAD = NO;
				SUPPORTS_XR_DESIGNED_FOR_IPHONE_IPAD = NO;
				SWIFT_ACTIVE_COMPILATION_CONDITIONS = PRODUCTION;
				SWIFT_EMIT_LOC_STRINGS = YES;
				SWIFT_VERSION = 5.0;
				TARGETED_DEVICE_FAMILY = 1;
			};
			name = "Debug (Production)";
		};
		CE9E82DD2BA895C500AAF885 /* Release (Production) */ = {
			isa = XCBuildConfiguration;
			baseConfigurationReference = CE9E82E22BA8975F00AAF885 /* Production.xcconfig */;
			buildSettings = {
				ALWAYS_SEARCH_USER_PATHS = NO;
				ASSETCATALOG_COMPILER_GENERATE_SWIFT_ASSET_SYMBOL_EXTENSIONS = YES;
				CLANG_ANALYZER_LOCALIZABILITY_NONLOCALIZED = YES;
				CLANG_ANALYZER_NONNULL = YES;
				CLANG_ANALYZER_NUMBER_OBJECT_CONVERSION = YES_AGGRESSIVE;
				CLANG_CXX_LANGUAGE_STANDARD = "gnu++20";
				CLANG_ENABLE_MODULES = YES;
				CLANG_ENABLE_OBJC_ARC = YES;
				CLANG_ENABLE_OBJC_WEAK = YES;
				CLANG_WARN_BLOCK_CAPTURE_AUTORELEASING = YES;
				CLANG_WARN_BOOL_CONVERSION = YES;
				CLANG_WARN_COMMA = YES;
				CLANG_WARN_CONSTANT_CONVERSION = YES;
				CLANG_WARN_DEPRECATED_OBJC_IMPLEMENTATIONS = YES;
				CLANG_WARN_DIRECT_OBJC_ISA_USAGE = YES_ERROR;
				CLANG_WARN_DOCUMENTATION_COMMENTS = YES;
				CLANG_WARN_EMPTY_BODY = YES;
				CLANG_WARN_ENUM_CONVERSION = YES;
				CLANG_WARN_INFINITE_RECURSION = YES;
				CLANG_WARN_INT_CONVERSION = YES;
				CLANG_WARN_NON_LITERAL_NULL_CONVERSION = YES;
				CLANG_WARN_OBJC_IMPLICIT_RETAIN_SELF = YES;
				CLANG_WARN_OBJC_LITERAL_CONVERSION = YES;
				CLANG_WARN_OBJC_ROOT_CLASS = YES_ERROR;
				CLANG_WARN_QUOTED_INCLUDE_IN_FRAMEWORK_HEADER = YES;
				CLANG_WARN_RANGE_LOOP_ANALYSIS = YES;
				CLANG_WARN_STRICT_PROTOTYPES = YES;
				CLANG_WARN_SUSPICIOUS_MOVE = YES;
				CLANG_WARN_UNGUARDED_AVAILABILITY = YES_AGGRESSIVE;
				CLANG_WARN_UNREACHABLE_CODE = YES;
				CLANG_WARN__DUPLICATE_METHOD_MATCH = YES;
				COPY_PHASE_STRIP = NO;
				DEBUG_INFORMATION_FORMAT = "dwarf-with-dsym";
				ENABLE_NS_ASSERTIONS = NO;
				ENABLE_STRICT_OBJC_MSGSEND = YES;
				ENABLE_USER_SCRIPT_SANDBOXING = YES;
				GCC_C_LANGUAGE_STANDARD = gnu17;
				GCC_NO_COMMON_BLOCKS = YES;
				GCC_WARN_64_TO_32_BIT_CONVERSION = YES;
				GCC_WARN_ABOUT_RETURN_TYPE = YES_ERROR;
				GCC_WARN_UNDECLARED_SELECTOR = YES;
				GCC_WARN_UNINITIALIZED_AUTOS = YES_AGGRESSIVE;
				GCC_WARN_UNUSED_FUNCTION = YES;
				GCC_WARN_UNUSED_VARIABLE = YES;
				INFOPLIST_KEY_UIUserInterfaceStyle = Automatic;
				IPHONEOS_DEPLOYMENT_TARGET = 17.0;
				LOCALIZATION_PREFERS_STRING_CATALOGS = YES;
				MTL_ENABLE_DEBUG_INFO = NO;
				MTL_FAST_MATH = YES;
				SDKROOT = iphoneos;
				SWIFT_COMPILATION_MODE = wholemodule;
				VALIDATE_PRODUCT = YES;
			};
			name = "Release (Production)";
		};
		CE9E82DE2BA895C500AAF885 /* Release (Production) */ = {
			isa = XCBuildConfiguration;
			baseConfigurationReference = CE9E82E22BA8975F00AAF885 /* Production.xcconfig */;
			buildSettings = {
				ASSETCATALOG_COMPILER_APPICON_NAME = AppIcon;
				ASSETCATALOG_COMPILER_GLOBAL_ACCENT_COLOR_NAME = AccentColor;
				CODE_SIGN_ENTITLEMENTS = Rarime/Rarime.entitlements;
				CODE_SIGN_STYLE = Automatic;
				CURRENT_PROJECT_VERSION = 1;
				DEVELOPMENT_TEAM = T7CLECN442;
				ENABLE_PREVIEWS = YES;
				GENERATE_INFOPLIST_FILE = YES;
				INFOPLIST_FILE = Info.plist;
				INFOPLIST_KEY_CFBundleDisplayName = Rarime;
				INFOPLIST_KEY_LSApplicationCategoryType = "public.app-category.productivity";
				INFOPLIST_KEY_NFCReaderUsageDescription = "You need to authenticate on your phone to unlock the app";
				INFOPLIST_KEY_NSCameraUsageDescription = "Passport Machine Readable Zone Reading";
				INFOPLIST_KEY_UIApplicationSceneManifest_Generation = YES;
				INFOPLIST_KEY_UIApplicationSupportsIndirectInputEvents = YES;
				INFOPLIST_KEY_UILaunchScreen_Generation = YES;
				INFOPLIST_KEY_UISupportedInterfaceOrientations = UIInterfaceOrientationPortrait;
				INFOPLIST_KEY_UISupportedInterfaceOrientations_iPad = "UIInterfaceOrientationLandscapeLeft UIInterfaceOrientationLandscapeRight UIInterfaceOrientationPortrait UIInterfaceOrientationPortraitUpsideDown";
				IPHONEOS_DEPLOYMENT_TARGET = 16.0;
				LD_RUNPATH_SEARCH_PATHS = (
					"$(inherited)",
					"@executable_path/Frameworks",
				);
				MARKETING_VERSION = 1.0;
				PRODUCT_BUNDLE_IDENTIFIER = DistributedLab.Rarime;
				PRODUCT_NAME = "$(TARGET_NAME)";
				SUPPORTED_PLATFORMS = "iphoneos iphonesimulator";
				SUPPORTS_MACCATALYST = NO;
				SUPPORTS_MAC_DESIGNED_FOR_IPHONE_IPAD = NO;
				SUPPORTS_XR_DESIGNED_FOR_IPHONE_IPAD = NO;
				SWIFT_ACTIVE_COMPILATION_CONDITIONS = PRODUCTION;
				SWIFT_EMIT_LOC_STRINGS = YES;
				SWIFT_VERSION = 5.0;
				TARGETED_DEVICE_FAMILY = 1;
			};
			name = "Release (Production)";
		};
/* End XCBuildConfiguration section */

/* Begin XCConfigurationList section */
		CE9E82AD2BA881F400AAF885 /* Build configuration list for PBXProject "Rarime" */ = {
			isa = XCConfigurationList;
			buildConfigurations = (
				CE9E82BE2BA881F500AAF885 /* Debug (Development) */,
				CE9E82DB2BA895C300AAF885 /* Debug (Production) */,
				CE9E82BF2BA881F500AAF885 /* Release (Development) */,
				CE9E82DD2BA895C500AAF885 /* Release (Production) */,
			);
			defaultConfigurationIsVisible = 0;
			defaultConfigurationName = "Release (Development)";
		};
		CE9E82C02BA881F500AAF885 /* Build configuration list for PBXNativeTarget "Rarime" */ = {
			isa = XCConfigurationList;
			buildConfigurations = (
				CE9E82C12BA881F500AAF885 /* Debug (Development) */,
				CE9E82DC2BA895C300AAF885 /* Debug (Production) */,
				CE9E82C22BA881F500AAF885 /* Release (Development) */,
				CE9E82DE2BA895C500AAF885 /* Release (Production) */,
			);
			defaultConfigurationIsVisible = 0;
			defaultConfigurationName = "Release (Development)";
		};
/* End XCConfigurationList section */

/* Begin XCRemoteSwiftPackageReference section */
		560F0C282BD114EE00067054 /* XCRemoteSwiftPackageReference "CodeScanner" */ = {
			isa = XCRemoteSwiftPackageReference;
			repositoryURL = "https://github.com/twostraws/CodeScanner";
			requirement = {
				kind = exactVersion;
				version = 2.4.1;
			};
		};
		56933E062BBC09990068C894 /* XCRemoteSwiftPackageReference "QKMRZScanner" */ = {
			isa = XCRemoteSwiftPackageReference;
			repositoryURL = "https://github.com/Mattijah/QKMRZScanner";
			requirement = {
				branch = "master-spm";
				kind = branch;
			};
		};
		56E2D92F2BD01C77006E725D /* XCRemoteSwiftPackageReference "qrcode" */ = {
			isa = XCRemoteSwiftPackageReference;
			repositoryURL = "https://github.com/dagronf/qrcode.git";
			requirement = {
				kind = exactVersion;
				version = 18.4.1;
			};
		};
		56E2D9302BD01E71006E725D /* XCRemoteSwiftPackageReference "NFCPassportReader" */ = {
			isa = XCRemoteSwiftPackageReference;
			repositoryURL = "git@github.com:rarimo/NFCPassportReader.git";
			requirement = {
				kind = revision;
				revision = 0dbc64af5c568bca64c1180a3524b5b1c2f921b7;
			};
		};
		CE32CF502BAC981300E507B6 /* XCRemoteSwiftPackageReference "lottie-spm" */ = {
			isa = XCRemoteSwiftPackageReference;
			repositoryURL = "git@github.com:airbnb/lottie-spm.git";
			requirement = {
				kind = exactVersion;
				version = 4.4.1;
			};
		};
/* End XCRemoteSwiftPackageReference section */

/* Begin XCSwiftPackageProductDependency section */
		560F0C1C2BD0234300067054 /* QRCode */ = {
			isa = XCSwiftPackageProductDependency;
			package = 56E2D92F2BD01C77006E725D /* XCRemoteSwiftPackageReference "qrcode" */;
			productName = QRCode;
		};
		560F0C292BD114EE00067054 /* CodeScanner */ = {
			isa = XCSwiftPackageProductDependency;
			package = 560F0C282BD114EE00067054 /* XCRemoteSwiftPackageReference "CodeScanner" */;
			productName = CodeScanner;
		};
		56933E072BBC09990068C894 /* QKMRZScanner */ = {
			isa = XCSwiftPackageProductDependency;
			package = 56933E062BBC09990068C894 /* XCRemoteSwiftPackageReference "QKMRZScanner" */;
			productName = QKMRZScanner;
		};
		56E2D9312BD01E71006E725D /* NFCPassportReader */ = {
			isa = XCSwiftPackageProductDependency;
			package = 56E2D9302BD01E71006E725D /* XCRemoteSwiftPackageReference "NFCPassportReader" */;
			productName = NFCPassportReader;
		};
		CE32CF512BAC981300E507B6 /* Lottie */ = {
			isa = XCSwiftPackageProductDependency;
			package = CE32CF502BAC981300E507B6 /* XCRemoteSwiftPackageReference "lottie-spm" */;
			productName = Lottie;
		};
/* End XCSwiftPackageProductDependency section */
	};
	rootObject = CE9E82AA2BA881F400AAF885 /* Project object */;
}
